{
  "version": 4,
  "terraform_version": "1.5.5",
  "serial": 196,
  "lineage": "a2e4ac4c-b4a5-b844-3abc-21d038707e1e",
  "outputs": {
    "IP_Addresses": {
      "value": "\nClient public IPs: 54.201.158.205, 54.184.0.7, 44.245.204.49\n\nServer public IPs: 52.38.178.52, 44.248.69.194, 34.220.202.126\n\nThe Consul UI can be accessed at http://52.38.178.52:8500/ui\nwith the token: 5a6d2990-09d8-8c54-7334-94ee4213a907\n",
      "type": "string"
    },
    "consul_token_secret": {
      "value": "5a6d2990-09d8-8c54-7334-94ee4213a907",
      "type": "string"
    },
    "ebs_volume": {
      "value": "# volume registration\ntype        = \"csi\"\nid          = \"mysql\"\nname        = \"mysql\"\nexternal_id = \"vol-0dc69a8c685fa5a40\"\nplugin_id   = \"aws-ebs0\"\n\ncapability {\n  access_mode     = \"single-node-writer\"\n  attachment_mode = \"file-system\"\n}\n",
      "type": "string"
    },
    "efs_volume": {
      "value": "# volume registration\nid = \"efs0\"\nname = \"efs0\"\ntype = \"csi\"\nplugin_id = \"aws-efs\"\n\ncapability {\n  access_mode     = \"single-node-writer\"\n  attachment_mode = \"file-system\"\n}\n\nparameters {\n  provisioningMode = \"efs-ap\"\n  fileSystemId = \"fs-014870fcedfd1c584\"\n  directoryPerms = \"700\"\n  gidRangeStart = \"1000\"\n  gidRangeEnd = \"2000\"\n}\n",
      "type": "string"
    },
    "lb_address_consul_nomad": {
      "value": "http://34.222.161.203",
      "type": "string"
    }
  },
  "resources": [
    {
      "mode": "data",
      "type": "aws_iam_policy_document",
      "name": "auto_discover_cluster",
      "provider": "provider[\"registry.terraform.io/hashicorp/aws\"]",
      "instances": [
        {
          "schema_version": 0,
          "attributes": {
            "id": "1048088721",
            "json": "{\n  \"Version\": \"2012-10-17\",\n  \"Statement\": [\n    {\n      \"Effect\": \"Allow\",\n      \"Action\": [\n        \"ec2:DescribeTags\",\n        \"ec2:DescribeInstances\",\n        \"autoscaling:DescribeAutoScalingGroups\"\n      ],\n      \"Resource\": \"*\"\n    }\n  ]\n}",
            "override_json": null,
            "override_policy_documents": null,
            "policy_id": null,
            "source_json": null,
            "source_policy_documents": null,
            "statement": [
              {
                "actions": [
                  "autoscaling:DescribeAutoScalingGroups",
                  "ec2:DescribeInstances",
                  "ec2:DescribeTags"
                ],
                "condition": [],
                "effect": "Allow",
                "not_actions": [],
                "not_principals": [],
                "not_resources": [],
                "principals": [],
                "resources": [
                  "*"
                ],
                "sid": ""
              }
            ],
            "version": "2012-10-17"
          },
          "sensitive_attributes": []
        }
      ]
    },
    {
      "mode": "data",
      "type": "aws_iam_policy_document",
      "name": "instance_role",
      "provider": "provider[\"registry.terraform.io/hashicorp/aws\"]",
      "instances": [
        {
          "schema_version": 0,
          "attributes": {
            "id": "2851119427",
            "json": "{\n  \"Version\": \"2012-10-17\",\n  \"Statement\": [\n    {\n      \"Effect\": \"Allow\",\n      \"Action\": \"sts:AssumeRole\",\n      \"Principal\": {\n        \"Service\": \"ec2.amazonaws.com\"\n      }\n    }\n  ]\n}",
            "override_json": null,
            "override_policy_documents": null,
            "policy_id": null,
            "source_json": null,
            "source_policy_documents": null,
            "statement": [
              {
                "actions": [
                  "sts:AssumeRole"
                ],
                "condition": [],
                "effect": "Allow",
                "not_actions": [],
                "not_principals": [],
                "not_resources": [],
                "principals": [
                  {
                    "identifiers": [
                      "ec2.amazonaws.com"
                    ],
                    "type": "Service"
                  }
                ],
                "resources": [],
                "sid": ""
              }
            ],
            "version": "2012-10-17"
          },
          "sensitive_attributes": []
        }
      ]
    },
    {
      "mode": "data",
      "type": "aws_iam_policy_document",
      "name": "mount_ebs_volumes",
      "provider": "provider[\"registry.terraform.io/hashicorp/aws\"]",
      "instances": [
        {
          "schema_version": 0,
          "attributes": {
            "id": "2276072744",
            "json": "{\n  \"Version\": \"2012-10-17\",\n  \"Statement\": [\n    {\n      \"Effect\": \"Allow\",\n      \"Action\": [\n        \"ec2:DetachVolume\",\n        \"ec2:DescribeVolumes\",\n        \"ec2:DescribeTags\",\n        \"ec2:DescribeInstances\",\n        \"ec2:AttachVolume\"\n      ],\n      \"Resource\": \"*\"\n    }\n  ]\n}",
            "override_json": null,
            "override_policy_documents": null,
            "policy_id": null,
            "source_json": null,
            "source_policy_documents": null,
            "statement": [
              {
                "actions": [
                  "ec2:AttachVolume",
                  "ec2:DescribeInstances",
                  "ec2:DescribeTags",
                  "ec2:DescribeVolumes",
                  "ec2:DetachVolume"
                ],
                "condition": [],
                "effect": "Allow",
                "not_actions": [],
                "not_principals": [],
                "not_resources": [],
                "principals": [],
                "resources": [
                  "*"
                ],
                "sid": ""
              }
            ],
            "version": "2012-10-17"
          },
          "sensitive_attributes": []
        }
      ]
    },
    {
      "mode": "data",
      "type": "aws_subnets",
      "name": "all",
      "provider": "provider[\"registry.terraform.io/hashicorp/aws\"]",
      "instances": [
        {
          "schema_version": 0,
          "attributes": {
            "filter": [
              {
                "name": "vpc-id",
                "values": [
                  "vpc-6b26bd13"
                ]
              }
            ],
            "id": "us-west-2",
            "ids": [
              "subnet-d95d23f2",
              "subnet-e30cf89b",
              "subnet-e13425aa",
              "subnet-5a9a5c07"
            ],
            "tags": null,
            "timeouts": null
          },
          "sensitive_attributes": []
        }
      ]
    },
    {
      "mode": "data",
      "type": "aws_vpc",
      "name": "default",
      "provider": "provider[\"registry.terraform.io/hashicorp/aws\"]",
      "instances": [
        {
          "schema_version": 0,
          "attributes": {
            "arn": "arn:aws:ec2:us-west-2:349845578360:vpc/vpc-6b26bd13",
            "cidr_block": "172.31.0.0/16",
            "cidr_block_associations": [
              {
                "association_id": "vpc-cidr-assoc-7623121c",
                "cidr_block": "172.31.0.0/16",
                "state": "associated"
              }
            ],
            "default": true,
            "dhcp_options_id": "dopt-770a9a0f",
            "enable_dns_hostnames": true,
            "enable_dns_support": true,
            "enable_network_address_usage_metrics": false,
            "filter": null,
            "id": "vpc-6b26bd13",
            "instance_tenancy": "default",
            "ipv6_association_id": "",
            "ipv6_cidr_block": "",
            "main_route_table_id": "rtb-d9c682a2",
            "owner_id": "349845578360",
            "state": null,
            "tags": {},
            "timeouts": null
          },
          "sensitive_attributes": []
        }
      ]
    },
    {
      "mode": "managed",
      "type": "aws_ebs_volume",
      "name": "mysql",
      "provider": "provider[\"registry.terraform.io/hashicorp/aws\"]",
      "instances": [
        {
          "schema_version": 0,
          "attributes": {
            "arn": "arn:aws:ec2:us-west-2:349845578360:volume/vol-0dc69a8c685fa5a40",
            "availability_zone": "us-west-2b",
            "encrypted": false,
            "final_snapshot": false,
            "id": "vol-0dc69a8c685fa5a40",
            "iops": 120,
            "kms_key_id": "",
            "multi_attach_enabled": false,
            "outpost_arn": "",
            "size": 40,
            "snapshot_id": "",
            "tags": {},
            "tags_all": {},
            "throughput": 0,
            "timeouts": null,
            "type": "gp2"
          },
          "sensitive_attributes": [],
          "private": "eyJlMmJmYjczMC1lY2FhLTExZTYtOGY4OC0zNDM2M2JjN2M0YzAiOnsiY3JlYXRlIjozMDAwMDAwMDAwMDAsImRlbGV0ZSI6MzAwMDAwMDAwMDAwLCJ1cGRhdGUiOjMwMDAwMDAwMDAwMH19",
          "dependencies": [
            "aws_iam_instance_profile.instance_profile",
            "aws_iam_role.instance_role",
            "aws_instance.client",
            "aws_instance.server",
            "aws_key_pair.nomad",
            "aws_security_group.allow_all_internal",
            "aws_security_group.clients_ingress",
            "aws_security_group.consul_nomad_ui_ingress",
            "aws_security_group.ssh_ingress",
            "data.aws_iam_policy_document.instance_role",
            "data.aws_vpc.default",
            "random_uuid.nomad_id",
            "random_uuid.nomad_token",
            "tls_private_key.pk"
          ]
        }
      ]
    },
    {
      "mode": "managed",
      "type": "aws_efs_file_system",
      "name": "nomad",
      "provider": "provider[\"registry.terraform.io/hashicorp/aws\"]",
      "instances": [
        {
          "schema_version": 0,
          "attributes": {
            "arn": "arn:aws:elasticfilesystem:us-west-2:349845578360:file-system/fs-014870fcedfd1c584",
            "availability_zone_id": "",
            "availability_zone_name": "",
            "creation_token": "terraform-20250426193205402900000001",
            "dns_name": "fs-014870fcedfd1c584.efs.us-west-2.amazonaws.com",
            "encrypted": false,
            "id": "fs-014870fcedfd1c584",
            "kms_key_id": "",
            "lifecycle_policy": [],
            "name": "",
            "number_of_mount_targets": 0,
            "owner_id": "349845578360",
            "performance_mode": "generalPurpose",
            "protection": [
              {
                "replication_overwrite": "ENABLED"
              }
            ],
            "provisioned_throughput_in_mibps": 0,
            "size_in_bytes": [
              {
                "value": 6144,
                "value_in_ia": 0,
                "value_in_standard": 6144
              }
            ],
            "tags": null,
            "tags_all": {},
            "throughput_mode": "bursting"
          },
          "sensitive_attributes": [],
          "private": "bnVsbA=="
        }
      ]
    },
    {
      "mode": "managed",
      "type": "aws_efs_mount_target",
      "name": "nomad_efs",
      "provider": "provider[\"registry.terraform.io/hashicorp/aws\"]",
      "instances": [
        {
          "index_key": "subnet-5a9a5c07",
          "schema_version": 0,
          "attributes": {
            "availability_zone_id": "usw2-az3",
            "availability_zone_name": "us-west-2c",
            "dns_name": "fs-014870fcedfd1c584.efs.us-west-2.amazonaws.com",
            "file_system_arn": "arn:aws:elasticfilesystem:us-west-2:349845578360:file-system/fs-014870fcedfd1c584",
            "file_system_id": "fs-014870fcedfd1c584",
            "id": "fsmt-06fd3395792410ddf",
            "ip_address": "172.31.11.204",
            "mount_target_dns_name": "us-west-2c.fs-014870fcedfd1c584.efs.us-west-2.amazonaws.com",
            "network_interface_id": "eni-0864a8e07d7e2b40e",
            "owner_id": "349845578360",
            "security_groups": [
              "sg-0357fb5ee2ff898e1"
            ],
            "subnet_id": "subnet-5a9a5c07",
            "timeouts": null
          },
          "sensitive_attributes": [],
          "private": "eyJlMmJmYjczMC1lY2FhLTExZTYtOGY4OC0zNDM2M2JjN2M0YzAiOnsiY3JlYXRlIjoxODAwMDAwMDAwMDAwLCJkZWxldGUiOjYwMDAwMDAwMDAwMH19",
          "dependencies": [
            "aws_efs_file_system.nomad",
            "aws_security_group.efs",
            "data.aws_subnets.all",
            "data.aws_vpc.default"
          ]
        },
        {
          "index_key": "subnet-d95d23f2",
          "schema_version": 0,
          "attributes": {
            "availability_zone_id": "usw2-az4",
            "availability_zone_name": "us-west-2d",
            "dns_name": "fs-014870fcedfd1c584.efs.us-west-2.amazonaws.com",
            "file_system_arn": "arn:aws:elasticfilesystem:us-west-2:349845578360:file-system/fs-014870fcedfd1c584",
            "file_system_id": "fs-014870fcedfd1c584",
            "id": "fsmt-009a9ea5cbad14acb",
            "ip_address": "172.31.55.140",
            "mount_target_dns_name": "us-west-2d.fs-014870fcedfd1c584.efs.us-west-2.amazonaws.com",
            "network_interface_id": "eni-05813ec6689b6fbbe",
            "owner_id": "349845578360",
            "security_groups": [
              "sg-0357fb5ee2ff898e1"
            ],
            "subnet_id": "subnet-d95d23f2",
            "timeouts": null
          },
          "sensitive_attributes": [],
          "private": "eyJlMmJmYjczMC1lY2FhLTExZTYtOGY4OC0zNDM2M2JjN2M0YzAiOnsiY3JlYXRlIjoxODAwMDAwMDAwMDAwLCJkZWxldGUiOjYwMDAwMDAwMDAwMH19",
          "dependencies": [
            "aws_efs_file_system.nomad",
            "aws_security_group.efs",
            "data.aws_subnets.all",
            "data.aws_vpc.default"
          ]
        },
        {
          "index_key": "subnet-e13425aa",
          "schema_version": 0,
          "attributes": {
            "availability_zone_id": "usw2-az2",
            "availability_zone_name": "us-west-2b",
            "dns_name": "fs-014870fcedfd1c584.efs.us-west-2.amazonaws.com",
            "file_system_arn": "arn:aws:elasticfilesystem:us-west-2:349845578360:file-system/fs-014870fcedfd1c584",
            "file_system_id": "fs-014870fcedfd1c584",
            "id": "fsmt-0dfb9a2a3d11554bd",
            "ip_address": "172.31.33.33",
            "mount_target_dns_name": "us-west-2b.fs-014870fcedfd1c584.efs.us-west-2.amazonaws.com",
            "network_interface_id": "eni-09814f3c506e5d906",
            "owner_id": "349845578360",
            "security_groups": [
              "sg-0357fb5ee2ff898e1"
            ],
            "subnet_id": "subnet-e13425aa",
            "timeouts": null
          },
          "sensitive_attributes": [],
          "private": "eyJlMmJmYjczMC1lY2FhLTExZTYtOGY4OC0zNDM2M2JjN2M0YzAiOnsiY3JlYXRlIjoxODAwMDAwMDAwMDAwLCJkZWxldGUiOjYwMDAwMDAwMDAwMH19",
          "dependencies": [
            "aws_efs_file_system.nomad",
            "aws_security_group.efs",
            "data.aws_subnets.all",
            "data.aws_vpc.default"
          ]
        },
        {
          "index_key": "subnet-e30cf89b",
          "schema_version": 0,
          "attributes": {
            "availability_zone_id": "usw2-az1",
            "availability_zone_name": "us-west-2a",
            "dns_name": "fs-014870fcedfd1c584.efs.us-west-2.amazonaws.com",
            "file_system_arn": "arn:aws:elasticfilesystem:us-west-2:349845578360:file-system/fs-014870fcedfd1c584",
            "file_system_id": "fs-014870fcedfd1c584",
            "id": "fsmt-03f55cf85b2d84063",
            "ip_address": "172.31.24.20",
            "mount_target_dns_name": "us-west-2a.fs-014870fcedfd1c584.efs.us-west-2.amazonaws.com",
            "network_interface_id": "eni-026236bdfc36b3fc5",
            "owner_id": "349845578360",
            "security_groups": [
              "sg-0357fb5ee2ff898e1"
            ],
            "subnet_id": "subnet-e30cf89b",
            "timeouts": null
          },
          "sensitive_attributes": [],
          "private": "eyJlMmJmYjczMC1lY2FhLTExZTYtOGY4OC0zNDM2M2JjN2M0YzAiOnsiY3JlYXRlIjoxODAwMDAwMDAwMDAwLCJkZWxldGUiOjYwMDAwMDAwMDAwMH19",
          "dependencies": [
            "aws_efs_file_system.nomad",
            "aws_security_group.efs",
            "data.aws_subnets.all",
            "data.aws_vpc.default"
          ]
        }
      ]
    },
    {
      "mode": "managed",
      "type": "aws_iam_instance_profile",
      "name": "instance_profile",
      "provider": "provider[\"registry.terraform.io/hashicorp/aws\"]",
      "instances": [
        {
          "schema_version": 0,
          "attributes": {
            "arn": "arn:aws:iam::349845578360:instance-profile/nomad20250120015355533200000002",
            "create_date": "2025-01-20T01:53:55Z",
            "id": "nomad20250120015355533200000002",
            "name": "nomad20250120015355533200000002",
            "name_prefix": "nomad",
            "path": "/",
            "role": "nomad20250120015354573900000001",
            "tags": {},
            "tags_all": {},
            "unique_id": "AIPAVC5DL4J4IAMSGHBCG"
          },
          "sensitive_attributes": [],
          "private": "bnVsbA==",
          "dependencies": [
            "aws_iam_role.instance_role",
            "data.aws_iam_policy_document.instance_role"
          ]
        }
      ]
    },
    {
      "mode": "managed",
      "type": "aws_iam_role",
      "name": "instance_role",
      "provider": "provider[\"registry.terraform.io/hashicorp/aws\"]",
      "instances": [
        {
          "schema_version": 0,
          "attributes": {
            "arn": "arn:aws:iam::349845578360:role/nomad20250120015354573900000001",
            "assume_role_policy": "{\"Statement\":[{\"Action\":\"sts:AssumeRole\",\"Effect\":\"Allow\",\"Principal\":{\"Service\":\"ec2.amazonaws.com\"}}],\"Version\":\"2012-10-17\"}",
            "create_date": "2025-01-20T01:53:55Z",
            "description": "",
            "force_detach_policies": false,
            "id": "nomad20250120015354573900000001",
            "inline_policy": [
              {
                "name": "mount-ebs-volumes",
                "policy": "{\"Version\":\"2012-10-17\",\"Statement\":[{\"Action\":[\"ec2:DetachVolume\",\"ec2:DescribeVolumes\",\"ec2:DescribeTags\",\"ec2:DescribeInstances\",\"ec2:AttachVolume\"],\"Effect\":\"Allow\",\"Resource\":\"*\"}]}"
              },
              {
                "name": "nomad-auto-discover-cluster",
                "policy": "{\"Version\":\"2012-10-17\",\"Statement\":[{\"Action\":[\"ec2:DescribeTags\",\"ec2:DescribeInstances\",\"autoscaling:DescribeAutoScalingGroups\"],\"Effect\":\"Allow\",\"Resource\":\"*\"}]}"
              }
            ],
            "managed_policy_arns": [],
            "max_session_duration": 3600,
            "name": "nomad20250120015354573900000001",
            "name_prefix": "nomad",
            "path": "/",
            "permissions_boundary": "",
            "tags": {},
            "tags_all": {},
            "unique_id": "AROAVC5DL4J4FOI2OPX5I"
          },
          "sensitive_attributes": [],
          "private": "bnVsbA==",
          "dependencies": [
            "data.aws_iam_policy_document.instance_role"
          ]
        }
      ]
    },
    {
      "mode": "managed",
      "type": "aws_iam_role_policy",
      "name": "auto_discover_cluster",
      "provider": "provider[\"registry.terraform.io/hashicorp/aws\"]",
      "instances": [
        {
          "schema_version": 0,
          "attributes": {
            "id": "nomad20250120015354573900000001:nomad-auto-discover-cluster",
            "name": "nomad-auto-discover-cluster",
            "name_prefix": "",
            "policy": "{\"Version\":\"2012-10-17\",\"Statement\":[{\"Action\":[\"ec2:DescribeTags\",\"ec2:DescribeInstances\",\"autoscaling:DescribeAutoScalingGroups\"],\"Effect\":\"Allow\",\"Resource\":\"*\"}]}",
            "role": "nomad20250120015354573900000001"
          },
          "sensitive_attributes": [],
          "private": "bnVsbA==",
          "dependencies": [
            "aws_iam_role.instance_role",
            "data.aws_iam_policy_document.auto_discover_cluster",
            "data.aws_iam_policy_document.instance_role"
          ]
        }
      ]
    },
    {
      "mode": "managed",
      "type": "aws_iam_role_policy",
      "name": "mount_ebs_volumes",
      "provider": "provider[\"registry.terraform.io/hashicorp/aws\"]",
      "instances": [
        {
          "schema_version": 0,
          "attributes": {
            "id": "nomad20250120015354573900000001:mount-ebs-volumes",
            "name": "mount-ebs-volumes",
            "name_prefix": "",
            "policy": "{\"Version\":\"2012-10-17\",\"Statement\":[{\"Action\":[\"ec2:DetachVolume\",\"ec2:DescribeVolumes\",\"ec2:DescribeTags\",\"ec2:DescribeInstances\",\"ec2:AttachVolume\"],\"Effect\":\"Allow\",\"Resource\":\"*\"}]}",
            "role": "nomad20250120015354573900000001"
          },
          "sensitive_attributes": [],
          "private": "bnVsbA==",
          "dependencies": [
            "aws_iam_role.instance_role",
            "data.aws_iam_policy_document.instance_role",
            "data.aws_iam_policy_document.mount_ebs_volumes"
          ]
        }
      ]
    },
    {
      "mode": "managed",
      "type": "aws_instance",
      "name": "client",
      "provider": "provider[\"registry.terraform.io/hashicorp/aws\"]",
      "instances": [
        {
          "index_key": 0,
          "schema_version": 1,
          "attributes": {
            "ami": "ami-0a2977df9fd651c5e",
            "arn": "arn:aws:ec2:us-west-2:349845578360:instance/i-0eee766f2f8f89548",
            "associate_public_ip_address": true,
            "availability_zone": "us-west-2c",
            "capacity_reservation_specification": [
              {
                "capacity_reservation_preference": "open",
                "capacity_reservation_target": []
              }
            ],
            "cpu_core_count": 1,
            "cpu_options": [
              {
                "amd_sev_snp": "",
                "core_count": 1,
                "threads_per_core": 2
              }
            ],
            "cpu_threads_per_core": 2,
            "credit_specification": [
              {
                "cpu_credits": "unlimited"
              }
            ],
            "disable_api_stop": false,
            "disable_api_termination": false,
            "ebs_block_device": [
              {
                "delete_on_termination": true,
                "device_name": "/dev/xvdd",
                "encrypted": false,
                "iops": 150,
                "kms_key_id": "",
                "snapshot_id": "",
                "tags": {},
                "tags_all": {},
                "throughput": 0,
                "volume_id": "vol-0c509529f9b290fd5",
                "volume_size": 50,
                "volume_type": "gp2"
              }
            ],
            "ebs_optimized": false,
            "enclave_options": [
              {
                "enabled": false
              }
            ],
            "ephemeral_block_device": [],
            "get_password_data": false,
            "hibernation": false,
            "host_id": "",
            "host_resource_group_arn": null,
            "iam_instance_profile": "nomad20250120015355533200000002",
            "id": "i-0eee766f2f8f89548",
            "instance_initiated_shutdown_behavior": "stop",
            "instance_lifecycle": "",
            "instance_market_options": [],
            "instance_state": "running",
            "instance_type": "t3.medium",
            "ipv6_address_count": 0,
            "ipv6_addresses": [],
            "key_name": "nomad-aws-key-pair",
            "launch_template": [],
            "maintenance_options": [
              {
                "auto_recovery": "default"
              }
            ],
            "metadata_options": [
              {
                "http_endpoint": "enabled",
                "http_protocol_ipv6": "disabled",
                "http_put_response_hop_limit": 1,
                "http_tokens": "optional",
                "instance_metadata_tags": "enabled"
              }
            ],
            "monitoring": false,
            "network_interface": [],
            "outpost_arn": "",
            "password_data": "",
            "placement_group": "",
            "placement_partition_number": 0,
            "primary_network_interface_id": "eni-04ef0578b66de7ee0",
            "private_dns": "ip-172-31-5-239.us-west-2.compute.internal",
            "private_dns_name_options": [
              {
                "enable_resource_name_dns_a_record": false,
                "enable_resource_name_dns_aaaa_record": false,
                "hostname_type": "ip-name"
              }
            ],
            "private_ip": "172.31.5.239",
            "public_dns": "ec2-54-201-158-205.us-west-2.compute.amazonaws.com",
            "public_ip": "54.201.158.205",
            "root_block_device": [
              {
                "delete_on_termination": true,
                "device_name": "/dev/sda1",
                "encrypted": false,
                "iops": 100,
                "kms_key_id": "",
                "tags": null,
                "tags_all": {},
                "throughput": 0,
                "volume_id": "vol-071459d1df66b2dfc",
                "volume_size": 16,
                "volume_type": "gp2"
              }
            ],
            "secondary_private_ips": [],
            "security_groups": [
              "nomad-allow-all-internal",
              "nomad-clients-ingress",
              "nomad-ssh-ingress",
              "nomad-ui-ingress"
            ],
            "source_dest_check": true,
            "spot_instance_request_id": "",
            "subnet_id": "subnet-5a9a5c07",
            "tags": {
              "ConsulAutoJoin": "auto-join",
              "Name": "nomad-client-0",
              "NomadType": "client"
            },
            "tags_all": {
              "ConsulAutoJoin": "auto-join",
              "Name": "nomad-client-0",
              "NomadType": "client"
            },
            "tenancy": "default",
            "timeouts": null,
            "user_data": "6e2f15a82b0d3cda28ccc6141c4113d5b375c2a9",
            "user_data_base64": null,
            "user_data_replace_on_change": false,
            "volume_tags": null,
            "vpc_security_group_ids": [
              "sg-013c97623caf9bae1",
              "sg-03a3408826780c67b",
              "sg-041e8e62a947da85a",
              "sg-08fa8f3db5a0ee91e"
            ]
          },
          "sensitive_attributes": [],
          "private": "eyJlMmJmYjczMC1lY2FhLTExZTYtOGY4OC0zNDM2M2JjN2M0YzAiOnsiY3JlYXRlIjo2MDAwMDAwMDAwMDAsImRlbGV0ZSI6MTIwMDAwMDAwMDAwMCwicmVhZCI6OTAwMDAwMDAwMDAwLCJ1cGRhdGUiOjYwMDAwMDAwMDAwMH0sInNjaGVtYV92ZXJzaW9uIjoiMSJ9",
          "dependencies": [
            "aws_iam_instance_profile.instance_profile",
            "aws_instance.server",
            "aws_key_pair.nomad",
            "aws_security_group.allow_all_internal",
            "aws_security_group.clients_ingress",
            "aws_security_group.consul_nomad_ui_ingress",
            "aws_security_group.ssh_ingress",
            "random_uuid.nomad_id",
            "random_uuid.nomad_token"
          ]
        },
        {
          "index_key": 1,
          "schema_version": 1,
          "attributes": {
            "ami": "ami-0a2977df9fd651c5e",
            "arn": "arn:aws:ec2:us-west-2:349845578360:instance/i-04419b755caff5623",
            "associate_public_ip_address": true,
            "availability_zone": "us-west-2b",
            "capacity_reservation_specification": [
              {
                "capacity_reservation_preference": "open",
                "capacity_reservation_target": []
              }
            ],
            "cpu_core_count": 1,
            "cpu_options": [
              {
                "amd_sev_snp": "",
                "core_count": 1,
                "threads_per_core": 2
              }
            ],
            "cpu_threads_per_core": 2,
            "credit_specification": [
              {
                "cpu_credits": "unlimited"
              }
            ],
            "disable_api_stop": false,
            "disable_api_termination": false,
            "ebs_block_device": [
              {
                "delete_on_termination": true,
                "device_name": "/dev/xvdd",
                "encrypted": false,
                "iops": 150,
                "kms_key_id": "",
                "snapshot_id": "",
                "tags": {},
                "tags_all": {},
                "throughput": 0,
                "volume_id": "vol-02c74b147c22a59fc",
                "volume_size": 50,
                "volume_type": "gp2"
              }
            ],
            "ebs_optimized": false,
            "enclave_options": [
              {
                "enabled": false
              }
            ],
            "ephemeral_block_device": [],
            "get_password_data": false,
            "hibernation": false,
            "host_id": "",
            "host_resource_group_arn": null,
            "iam_instance_profile": "nomad20250120015355533200000002",
            "id": "i-04419b755caff5623",
            "instance_initiated_shutdown_behavior": "stop",
            "instance_lifecycle": "",
            "instance_market_options": [],
            "instance_state": "running",
            "instance_type": "t3.medium",
            "ipv6_address_count": 0,
            "ipv6_addresses": [],
            "key_name": "nomad-aws-key-pair",
            "launch_template": [],
            "maintenance_options": [
              {
                "auto_recovery": "default"
              }
            ],
            "metadata_options": [
              {
                "http_endpoint": "enabled",
                "http_protocol_ipv6": "disabled",
                "http_put_response_hop_limit": 1,
                "http_tokens": "optional",
                "instance_metadata_tags": "enabled"
              }
            ],
            "monitoring": false,
            "network_interface": [],
            "outpost_arn": "",
            "password_data": "",
            "placement_group": "",
            "placement_partition_number": 0,
            "primary_network_interface_id": "eni-0582bedecac87c723",
            "private_dns": "ip-172-31-43-31.us-west-2.compute.internal",
            "private_dns_name_options": [
              {
                "enable_resource_name_dns_a_record": false,
                "enable_resource_name_dns_aaaa_record": false,
                "hostname_type": "ip-name"
              }
            ],
            "private_ip": "172.31.43.31",
            "public_dns": "ec2-54-184-0-7.us-west-2.compute.amazonaws.com",
            "public_ip": "54.184.0.7",
            "root_block_device": [
              {
                "delete_on_termination": true,
                "device_name": "/dev/sda1",
                "encrypted": false,
                "iops": 100,
                "kms_key_id": "",
                "tags": {},
                "tags_all": {},
                "throughput": 0,
                "volume_id": "vol-03017f9e1f3262fb8",
                "volume_size": 16,
                "volume_type": "gp2"
              }
            ],
            "secondary_private_ips": [],
            "security_groups": [
              "nomad-allow-all-internal",
              "nomad-clients-ingress",
              "nomad-ssh-ingress",
              "nomad-ui-ingress"
            ],
            "source_dest_check": true,
            "spot_instance_request_id": "",
            "subnet_id": "subnet-e13425aa",
            "tags": {
              "ConsulAutoJoin": "auto-join",
              "Name": "nomad-client-1",
              "NomadType": "client"
            },
            "tags_all": {
              "ConsulAutoJoin": "auto-join",
              "Name": "nomad-client-1",
              "NomadType": "client"
            },
            "tenancy": "default",
            "timeouts": null,
            "user_data": "6e2f15a82b0d3cda28ccc6141c4113d5b375c2a9",
            "user_data_base64": null,
            "user_data_replace_on_change": false,
            "volume_tags": null,
            "vpc_security_group_ids": [
              "sg-013c97623caf9bae1",
              "sg-03a3408826780c67b",
              "sg-041e8e62a947da85a",
              "sg-08fa8f3db5a0ee91e"
            ]
          },
          "sensitive_attributes": [],
          "private": "eyJlMmJmYjczMC1lY2FhLTExZTYtOGY4OC0zNDM2M2JjN2M0YzAiOnsiY3JlYXRlIjo2MDAwMDAwMDAwMDAsImRlbGV0ZSI6MTIwMDAwMDAwMDAwMCwicmVhZCI6OTAwMDAwMDAwMDAwLCJ1cGRhdGUiOjYwMDAwMDAwMDAwMH0sInNjaGVtYV92ZXJzaW9uIjoiMSJ9",
          "dependencies": [
            "aws_iam_instance_profile.instance_profile",
            "aws_iam_role.instance_role",
            "aws_instance.server",
            "aws_key_pair.nomad",
            "aws_security_group.allow_all_internal",
            "aws_security_group.clients_ingress",
            "aws_security_group.consul_nomad_ui_ingress",
            "aws_security_group.ssh_ingress",
            "data.aws_iam_policy_document.instance_role",
            "data.aws_vpc.default",
            "random_uuid.nomad_id",
            "random_uuid.nomad_token",
            "tls_private_key.pk"
          ]
        },
        {
          "index_key": 2,
          "schema_version": 1,
          "attributes": {
            "ami": "ami-0a2977df9fd651c5e",
            "arn": "arn:aws:ec2:us-west-2:349845578360:instance/i-0cbff1df63a7ace0c",
            "associate_public_ip_address": true,
            "availability_zone": "us-west-2b",
            "capacity_reservation_specification": [
              {
                "capacity_reservation_preference": "open",
                "capacity_reservation_target": []
              }
            ],
            "cpu_core_count": 1,
            "cpu_options": [
              {
                "amd_sev_snp": "",
                "core_count": 1,
                "threads_per_core": 2
              }
            ],
            "cpu_threads_per_core": 2,
            "credit_specification": [
              {
                "cpu_credits": "unlimited"
              }
            ],
            "disable_api_stop": false,
            "disable_api_termination": false,
            "ebs_block_device": [
              {
                "delete_on_termination": true,
                "device_name": "/dev/xvdd",
                "encrypted": false,
                "iops": 150,
                "kms_key_id": "",
                "snapshot_id": "",
                "tags": {},
                "tags_all": {},
                "throughput": 0,
                "volume_id": "vol-00bcf8cbecd349075",
                "volume_size": 50,
                "volume_type": "gp2"
              }
            ],
            "ebs_optimized": false,
            "enclave_options": [
              {
                "enabled": false
              }
            ],
            "ephemeral_block_device": [],
            "get_password_data": false,
            "hibernation": false,
            "host_id": "",
            "host_resource_group_arn": null,
            "iam_instance_profile": "nomad20250120015355533200000002",
            "id": "i-0cbff1df63a7ace0c",
            "instance_initiated_shutdown_behavior": "stop",
            "instance_lifecycle": "",
            "instance_market_options": [],
            "instance_state": "running",
            "instance_type": "t3.medium",
            "ipv6_address_count": 0,
            "ipv6_addresses": [],
            "key_name": "nomad-aws-key-pair",
            "launch_template": [],
            "maintenance_options": [
              {
                "auto_recovery": "default"
              }
            ],
            "metadata_options": [
              {
                "http_endpoint": "enabled",
                "http_protocol_ipv6": "disabled",
                "http_put_response_hop_limit": 1,
                "http_tokens": "optional",
                "instance_metadata_tags": "enabled"
              }
            ],
            "monitoring": false,
            "network_interface": [],
            "outpost_arn": "",
            "password_data": "",
            "placement_group": "",
            "placement_partition_number": 0,
            "primary_network_interface_id": "eni-058edc5eafa3ce56b",
            "private_dns": "ip-172-31-44-103.us-west-2.compute.internal",
            "private_dns_name_options": [
              {
                "enable_resource_name_dns_a_record": false,
                "enable_resource_name_dns_aaaa_record": false,
                "hostname_type": "ip-name"
              }
            ],
            "private_ip": "172.31.44.103",
            "public_dns": "ec2-44-245-204-49.us-west-2.compute.amazonaws.com",
            "public_ip": "44.245.204.49",
            "root_block_device": [
              {
                "delete_on_termination": true,
                "device_name": "/dev/sda1",
                "encrypted": false,
                "iops": 100,
                "kms_key_id": "",
                "tags": {},
                "tags_all": {},
                "throughput": 0,
                "volume_id": "vol-0100ddb9ccb3c52ef",
                "volume_size": 16,
                "volume_type": "gp2"
              }
            ],
            "secondary_private_ips": [],
            "security_groups": [
              "nomad-allow-all-internal",
              "nomad-clients-ingress",
              "nomad-ssh-ingress",
              "nomad-ui-ingress"
            ],
            "source_dest_check": true,
            "spot_instance_request_id": "",
            "subnet_id": "subnet-e13425aa",
            "tags": {
              "ConsulAutoJoin": "auto-join",
              "Name": "nomad-client-2",
              "NomadType": "client"
            },
            "tags_all": {
              "ConsulAutoJoin": "auto-join",
              "Name": "nomad-client-2",
              "NomadType": "client"
            },
            "tenancy": "default",
            "timeouts": null,
            "user_data": "6e2f15a82b0d3cda28ccc6141c4113d5b375c2a9",
            "user_data_base64": null,
            "user_data_replace_on_change": false,
            "volume_tags": null,
            "vpc_security_group_ids": [
              "sg-013c97623caf9bae1",
              "sg-03a3408826780c67b",
              "sg-041e8e62a947da85a",
              "sg-08fa8f3db5a0ee91e"
            ]
          },
          "sensitive_attributes": [],
          "private": "eyJlMmJmYjczMC1lY2FhLTExZTYtOGY4OC0zNDM2M2JjN2M0YzAiOnsiY3JlYXRlIjo2MDAwMDAwMDAwMDAsImRlbGV0ZSI6MTIwMDAwMDAwMDAwMCwicmVhZCI6OTAwMDAwMDAwMDAwLCJ1cGRhdGUiOjYwMDAwMDAwMDAwMH0sInNjaGVtYV92ZXJzaW9uIjoiMSJ9",
          "dependencies": [
            "aws_iam_instance_profile.instance_profile",
            "aws_iam_role.instance_role",
            "aws_instance.server",
            "aws_key_pair.nomad",
            "aws_security_group.allow_all_internal",
            "aws_security_group.clients_ingress",
            "aws_security_group.consul_nomad_ui_ingress",
            "aws_security_group.ssh_ingress",
            "data.aws_iam_policy_document.instance_role",
            "data.aws_vpc.default",
            "random_uuid.nomad_id",
            "random_uuid.nomad_token",
            "tls_private_key.pk"
          ]
        }
      ]
    },
    {
      "mode": "managed",
      "type": "aws_instance",
      "name": "server",
      "provider": "provider[\"registry.terraform.io/hashicorp/aws\"]",
      "instances": [
        {
          "index_key": 0,
          "schema_version": 1,
          "attributes": {
            "ami": "ami-0a2977df9fd651c5e",
            "arn": "arn:aws:ec2:us-west-2:349845578360:instance/i-0ff8f6647f2108d8f",
            "associate_public_ip_address": true,
            "availability_zone": "us-west-2b",
            "capacity_reservation_specification": [
              {
                "capacity_reservation_preference": "open",
                "capacity_reservation_target": []
              }
            ],
            "cpu_core_count": 1,
            "cpu_options": [
              {
                "amd_sev_snp": "",
                "core_count": 1,
                "threads_per_core": 2
              }
            ],
            "cpu_threads_per_core": 2,
            "credit_specification": [
              {
                "cpu_credits": "unlimited"
              }
            ],
            "disable_api_stop": false,
            "disable_api_termination": false,
            "ebs_block_device": [],
            "ebs_optimized": true,
            "enclave_options": [
              {
                "enabled": false
              }
            ],
            "ephemeral_block_device": [],
            "get_password_data": false,
            "hibernation": false,
            "host_id": "",
            "host_resource_group_arn": null,
            "iam_instance_profile": "nomad20250120015355533200000002",
            "id": "i-0ff8f6647f2108d8f",
            "instance_initiated_shutdown_behavior": "stop",
            "instance_lifecycle": "",
            "instance_market_options": [],
            "instance_state": "running",
            "instance_type": "t3.micro",
            "ipv6_address_count": 0,
            "ipv6_addresses": [],
            "key_name": "nomad-aws-key-pair",
            "launch_template": [],
            "maintenance_options": [
              {
                "auto_recovery": "default"
              }
            ],
            "metadata_options": [
              {
                "http_endpoint": "enabled",
                "http_protocol_ipv6": "disabled",
                "http_put_response_hop_limit": 1,
                "http_tokens": "optional",
                "instance_metadata_tags": "enabled"
              }
            ],
            "monitoring": false,
            "network_interface": [],
            "outpost_arn": "",
            "password_data": "",
            "placement_group": "",
            "placement_partition_number": 0,
            "primary_network_interface_id": "eni-0abf04603f195bcaa",
            "private_dns": "ip-172-31-44-221.us-west-2.compute.internal",
            "private_dns_name_options": [
              {
                "enable_resource_name_dns_a_record": false,
                "enable_resource_name_dns_aaaa_record": false,
                "hostname_type": "ip-name"
              }
            ],
            "private_ip": "172.31.44.221",
            "public_dns": "ec2-52-38-178-52.us-west-2.compute.amazonaws.com",
            "public_ip": "52.38.178.52",
            "root_block_device": [
              {
                "delete_on_termination": true,
                "device_name": "/dev/sda1",
                "encrypted": false,
                "iops": 100,
                "kms_key_id": "",
                "tags": {},
                "tags_all": {},
                "throughput": 0,
                "volume_id": "vol-0abe43d9ae30c21e6",
                "volume_size": 16,
                "volume_type": "gp2"
              }
            ],
            "secondary_private_ips": [],
            "security_groups": [
              "nomad-allow-all-internal",
              "nomad-ssh-ingress",
              "nomad-ui-ingress"
            ],
            "source_dest_check": true,
            "spot_instance_request_id": "",
            "subnet_id": "subnet-e13425aa",
            "tags": {
              "ConsulAutoJoin": "auto-join",
              "Name": "nomad-server-0",
              "NomadType": "server"
            },
            "tags_all": {
              "ConsulAutoJoin": "auto-join",
              "Name": "nomad-server-0",
              "NomadType": "server"
            },
            "tenancy": "default",
            "timeouts": null,
            "user_data": "663c2ec8e364479216086a08aa45230e0906edfd",
            "user_data_base64": null,
            "user_data_replace_on_change": false,
            "volume_tags": null,
            "vpc_security_group_ids": [
              "sg-013c97623caf9bae1",
              "sg-03a3408826780c67b",
              "sg-041e8e62a947da85a"
            ]
          },
          "sensitive_attributes": [],
          "private": "eyJlMmJmYjczMC1lY2FhLTExZTYtOGY4OC0zNDM2M2JjN2M0YzAiOnsiY3JlYXRlIjo2MDAwMDAwMDAwMDAsImRlbGV0ZSI6MTIwMDAwMDAwMDAwMCwicmVhZCI6OTAwMDAwMDAwMDAwLCJ1cGRhdGUiOjYwMDAwMDAwMDAwMH0sInNjaGVtYV92ZXJzaW9uIjoiMSJ9",
          "dependencies": [
            "aws_iam_instance_profile.instance_profile",
            "aws_key_pair.nomad",
            "aws_security_group.allow_all_internal",
            "aws_security_group.consul_nomad_ui_ingress",
            "aws_security_group.ssh_ingress",
            "random_uuid.nomad_id",
            "random_uuid.nomad_token"
          ]
        },
        {
          "index_key": 1,
          "schema_version": 1,
          "attributes": {
            "ami": "ami-0a2977df9fd651c5e",
            "arn": "arn:aws:ec2:us-west-2:349845578360:instance/i-061faae74af129b21",
            "associate_public_ip_address": true,
            "availability_zone": "us-west-2b",
            "capacity_reservation_specification": [
              {
                "capacity_reservation_preference": "open",
                "capacity_reservation_target": []
              }
            ],
            "cpu_core_count": 1,
            "cpu_options": [
              {
                "amd_sev_snp": "",
                "core_count": 1,
                "threads_per_core": 2
              }
            ],
            "cpu_threads_per_core": 2,
            "credit_specification": [
              {
                "cpu_credits": "unlimited"
              }
            ],
            "disable_api_stop": false,
            "disable_api_termination": false,
            "ebs_block_device": [],
            "ebs_optimized": true,
            "enclave_options": [
              {
                "enabled": false
              }
            ],
            "ephemeral_block_device": [],
            "get_password_data": false,
            "hibernation": false,
            "host_id": "",
            "host_resource_group_arn": null,
            "iam_instance_profile": "nomad20250120015355533200000002",
            "id": "i-061faae74af129b21",
            "instance_initiated_shutdown_behavior": "stop",
            "instance_lifecycle": "",
            "instance_market_options": [],
            "instance_state": "running",
            "instance_type": "t3.micro",
            "ipv6_address_count": 0,
            "ipv6_addresses": [],
            "key_name": "nomad-aws-key-pair",
            "launch_template": [],
            "maintenance_options": [
              {
                "auto_recovery": "default"
              }
            ],
            "metadata_options": [
              {
                "http_endpoint": "enabled",
                "http_protocol_ipv6": "disabled",
                "http_put_response_hop_limit": 1,
                "http_tokens": "optional",
                "instance_metadata_tags": "enabled"
              }
            ],
            "monitoring": false,
            "network_interface": [],
            "outpost_arn": "",
            "password_data": "",
            "placement_group": "",
            "placement_partition_number": 0,
            "primary_network_interface_id": "eni-0a90bb1e0c934f52f",
            "private_dns": "ip-172-31-36-220.us-west-2.compute.internal",
            "private_dns_name_options": [
              {
                "enable_resource_name_dns_a_record": false,
                "enable_resource_name_dns_aaaa_record": false,
                "hostname_type": "ip-name"
              }
            ],
            "private_ip": "172.31.36.220",
            "public_dns": "ec2-44-248-69-194.us-west-2.compute.amazonaws.com",
            "public_ip": "44.248.69.194",
            "root_block_device": [
              {
                "delete_on_termination": true,
                "device_name": "/dev/sda1",
                "encrypted": false,
                "iops": 100,
                "kms_key_id": "",
                "tags": {},
                "tags_all": {},
                "throughput": 0,
                "volume_id": "vol-0a6d3ae5376f82f69",
                "volume_size": 16,
                "volume_type": "gp2"
              }
            ],
            "secondary_private_ips": [],
            "security_groups": [
              "nomad-allow-all-internal",
              "nomad-ssh-ingress",
              "nomad-ui-ingress"
            ],
            "source_dest_check": true,
            "spot_instance_request_id": "",
            "subnet_id": "subnet-e13425aa",
            "tags": {
              "ConsulAutoJoin": "auto-join",
              "Name": "nomad-server-1",
              "NomadType": "server"
            },
            "tags_all": {
              "ConsulAutoJoin": "auto-join",
              "Name": "nomad-server-1",
              "NomadType": "server"
            },
            "tenancy": "default",
            "timeouts": null,
            "user_data": "663c2ec8e364479216086a08aa45230e0906edfd",
            "user_data_base64": null,
            "user_data_replace_on_change": false,
            "volume_tags": null,
            "vpc_security_group_ids": [
              "sg-013c97623caf9bae1",
              "sg-03a3408826780c67b",
              "sg-041e8e62a947da85a"
            ]
          },
          "sensitive_attributes": [],
          "private": "eyJlMmJmYjczMC1lY2FhLTExZTYtOGY4OC0zNDM2M2JjN2M0YzAiOnsiY3JlYXRlIjo2MDAwMDAwMDAwMDAsImRlbGV0ZSI6MTIwMDAwMDAwMDAwMCwicmVhZCI6OTAwMDAwMDAwMDAwLCJ1cGRhdGUiOjYwMDAwMDAwMDAwMH0sInNjaGVtYV92ZXJzaW9uIjoiMSJ9",
          "dependencies": [
            "aws_iam_instance_profile.instance_profile",
            "aws_key_pair.nomad",
            "aws_security_group.allow_all_internal",
            "aws_security_group.consul_nomad_ui_ingress",
            "aws_security_group.ssh_ingress",
            "random_uuid.nomad_id",
            "random_uuid.nomad_token"
          ]
        },
        {
          "index_key": 2,
          "schema_version": 1,
          "attributes": {
            "ami": "ami-0a2977df9fd651c5e",
            "arn": "arn:aws:ec2:us-west-2:349845578360:instance/i-069099562de5b1c1a",
            "associate_public_ip_address": true,
            "availability_zone": "us-west-2b",
            "capacity_reservation_specification": [
              {
                "capacity_reservation_preference": "open",
                "capacity_reservation_target": []
              }
            ],
            "cpu_core_count": 1,
            "cpu_options": [
              {
                "amd_sev_snp": "",
                "core_count": 1,
                "threads_per_core": 2
              }
            ],
            "cpu_threads_per_core": 2,
            "credit_specification": [
              {
                "cpu_credits": "unlimited"
              }
            ],
            "disable_api_stop": false,
            "disable_api_termination": false,
            "ebs_block_device": [],
            "ebs_optimized": true,
            "enclave_options": [
              {
                "enabled": false
              }
            ],
            "ephemeral_block_device": [],
            "get_password_data": false,
            "hibernation": false,
            "host_id": "",
            "host_resource_group_arn": null,
            "iam_instance_profile": "nomad20250120015355533200000002",
            "id": "i-069099562de5b1c1a",
            "instance_initiated_shutdown_behavior": "stop",
            "instance_lifecycle": "",
            "instance_market_options": [],
            "instance_state": "running",
            "instance_type": "t3.micro",
            "ipv6_address_count": 0,
            "ipv6_addresses": [],
            "key_name": "nomad-aws-key-pair",
            "launch_template": [],
            "maintenance_options": [
              {
                "auto_recovery": "default"
              }
            ],
            "metadata_options": [
              {
                "http_endpoint": "enabled",
                "http_protocol_ipv6": "disabled",
                "http_put_response_hop_limit": 1,
                "http_tokens": "optional",
                "instance_metadata_tags": "enabled"
              }
            ],
            "monitoring": false,
            "network_interface": [],
            "outpost_arn": "",
            "password_data": "",
            "placement_group": "",
            "placement_partition_number": 0,
            "primary_network_interface_id": "eni-02e3f52c95e1bc5ca",
            "private_dns": "ip-172-31-33-113.us-west-2.compute.internal",
            "private_dns_name_options": [
              {
                "enable_resource_name_dns_a_record": false,
                "enable_resource_name_dns_aaaa_record": false,
                "hostname_type": "ip-name"
              }
            ],
            "private_ip": "172.31.33.113",
            "public_dns": "ec2-34-220-202-126.us-west-2.compute.amazonaws.com",
            "public_ip": "34.220.202.126",
            "root_block_device": [
              {
                "delete_on_termination": true,
                "device_name": "/dev/sda1",
                "encrypted": false,
                "iops": 100,
                "kms_key_id": "",
                "tags": {},
                "tags_all": {},
                "throughput": 0,
                "volume_id": "vol-06f513b1d93af14ce",
                "volume_size": 16,
                "volume_type": "gp2"
              }
            ],
            "secondary_private_ips": [],
            "security_groups": [
              "nomad-allow-all-internal",
              "nomad-ssh-ingress",
              "nomad-ui-ingress"
            ],
            "source_dest_check": true,
            "spot_instance_request_id": "",
            "subnet_id": "subnet-e13425aa",
            "tags": {
              "ConsulAutoJoin": "auto-join",
              "Name": "nomad-server-2",
              "NomadType": "server"
            },
            "tags_all": {
              "ConsulAutoJoin": "auto-join",
              "Name": "nomad-server-2",
              "NomadType": "server"
            },
            "tenancy": "default",
            "timeouts": null,
            "user_data": "663c2ec8e364479216086a08aa45230e0906edfd",
            "user_data_base64": null,
            "user_data_replace_on_change": false,
            "volume_tags": null,
            "vpc_security_group_ids": [
              "sg-013c97623caf9bae1",
              "sg-03a3408826780c67b",
              "sg-041e8e62a947da85a"
            ]
          },
          "sensitive_attributes": [],
          "private": "eyJlMmJmYjczMC1lY2FhLTExZTYtOGY4OC0zNDM2M2JjN2M0YzAiOnsiY3JlYXRlIjo2MDAwMDAwMDAwMDAsImRlbGV0ZSI6MTIwMDAwMDAwMDAwMCwicmVhZCI6OTAwMDAwMDAwMDAwLCJ1cGRhdGUiOjYwMDAwMDAwMDAwMH0sInNjaGVtYV92ZXJzaW9uIjoiMSJ9",
          "dependencies": [
            "aws_iam_instance_profile.instance_profile",
            "aws_key_pair.nomad",
            "aws_security_group.allow_all_internal",
            "aws_security_group.consul_nomad_ui_ingress",
            "aws_security_group.ssh_ingress",
            "random_uuid.nomad_id",
            "random_uuid.nomad_token"
          ]
        }
      ]
    },
    {
      "mode": "managed",
      "type": "aws_key_pair",
      "name": "nomad",
      "provider": "provider[\"registry.terraform.io/hashicorp/aws\"]",
      "instances": [
        {
          "schema_version": 1,
          "attributes": {
            "arn": "arn:aws:ec2:us-west-2:349845578360:key-pair/nomad-aws-key-pair",
            "fingerprint": "dd:ee:89:99:fe:bd:47:8f:7c:56:19:30:11:b9:98:70",
            "id": "nomad-aws-key-pair",
            "key_name": "nomad-aws-key-pair",
            "key_name_prefix": "",
            "key_pair_id": "key-063a3eb3b47c6dab3",
            "key_type": "rsa",
            "public_key": "ssh-rsa AAAAB3NzaC1yc2EAAAADAQABAAACAQDB7iLOBWG449G6lwIruSJRYzvSPqBocgea8s6vf7j+bjT5dhA1S5SaMUzwAZRuFzNr2J5JmHKEd/JZVWXHb0myO3cjsVTHA7PJhCB+v3kai5Y2xFKbTsMej/3N3s5w/LDlqnqYcyf/tna90x6VW8YRj6xC1JfvOLJmbrQ91ECNMpV/4wXJdKcH4ltS4rVaOALJOVigMGf9NJUjCqYeer0FaiuJKUvhbGiTyudpxouRTbksgHlo2Lypik9McdQ7UfWLGAPsE3+G1LNPkYfJL4XombjIzzU87w8g15mJaP7Z7UxrJsaDxVTyV6s1G9VlRTKcBI4lD8luPm/EtSoak0hJTIjb4W+Qd9vwGIsugLoUzgknjXHQL47sak4QDOYqXxMcfgLxc4hCRKMxFJpUj90/CJNPdp+e9KaeXS1FCKj5iLF7KQM7nPUB/Br9hgbAwTrdIUI88M6LNsCI5WYKlVFA86vidKLBufe0frK8e+nA0wFdWFQov2d6sjbJ43uAIBaE7Cp55e7jfQhADa6VRBSf/kykAGV6Q2KkVFVEKrHJ31sX5yIBxdQcmN0zpJOnnWSrmnbaJYfMYHaw5R2Bi7brcdzZw2RcXFZLs2DBXkJ4u7UcoFRqf+gwgM+1Ek8dnUS8kNaC1C/tq2/mfty7KhC5N8yIabMu64oER/M3Owmf4w==",
            "tags": {},
            "tags_all": {}
          },
          "sensitive_attributes": [],
          "private": "eyJzY2hlbWFfdmVyc2lvbiI6IjEifQ==",
          "dependencies": [
            "tls_private_key.pk"
          ]
        }
      ]
    },
    {
      "mode": "managed",
      "type": "aws_security_group",
      "name": "allow_all_internal",
      "provider": "provider[\"registry.terraform.io/hashicorp/aws\"]",
      "instances": [
        {
          "schema_version": 1,
          "attributes": {
            "arn": "arn:aws:ec2:us-west-2:349845578360:security-group/sg-03a3408826780c67b",
            "description": "Managed by Terraform",
            "egress": [
              {
                "cidr_blocks": [
                  "0.0.0.0/0"
                ],
                "description": "",
                "from_port": 0,
                "ipv6_cidr_blocks": [],
                "prefix_list_ids": [],
                "protocol": "-1",
                "security_groups": [],
                "self": false,
                "to_port": 0
              }
            ],
            "id": "sg-03a3408826780c67b",
            "ingress": [
              {
                "cidr_blocks": [],
                "description": "",
                "from_port": 0,
                "ipv6_cidr_blocks": [],
                "prefix_list_ids": [],
                "protocol": "-1",
                "security_groups": [],
                "self": true,
                "to_port": 0
              }
            ],
            "name": "nomad-allow-all-internal",
            "name_prefix": "",
            "owner_id": "349845578360",
            "revoke_rules_on_delete": false,
            "tags": {},
            "tags_all": {},
            "timeouts": null,
            "vpc_id": "vpc-6b26bd13"
          },
          "sensitive_attributes": [],
          "private": "eyJlMmJmYjczMC1lY2FhLTExZTYtOGY4OC0zNDM2M2JjN2M0YzAiOnsiY3JlYXRlIjo2MDAwMDAwMDAwMDAsImRlbGV0ZSI6OTAwMDAwMDAwMDAwfSwic2NoZW1hX3ZlcnNpb24iOiIxIn0=",
          "dependencies": [
            "data.aws_vpc.default"
          ]
        }
      ]
    },
    {
      "mode": "managed",
      "type": "aws_security_group",
      "name": "clients_ingress",
      "provider": "provider[\"registry.terraform.io/hashicorp/aws\"]",
      "instances": [
        {
          "schema_version": 1,
          "attributes": {
            "arn": "arn:aws:ec2:us-west-2:349845578360:security-group/sg-08fa8f3db5a0ee91e",
            "description": "Managed by Terraform",
            "egress": [
              {
                "cidr_blocks": [
                  "0.0.0.0/0"
                ],
                "description": "",
                "from_port": 0,
                "ipv6_cidr_blocks": [],
                "prefix_list_ids": [],
                "protocol": "-1",
                "security_groups": [],
                "self": false,
                "to_port": 0
              }
            ],
            "id": "sg-08fa8f3db5a0ee91e",
            "ingress": [
              {
                "cidr_blocks": [],
                "description": "",
                "from_port": 0,
                "ipv6_cidr_blocks": [],
                "prefix_list_ids": [],
                "protocol": "-1",
                "security_groups": [],
                "self": true,
                "to_port": 0
              }
            ],
            "name": "nomad-clients-ingress",
            "name_prefix": "",
            "owner_id": "349845578360",
            "revoke_rules_on_delete": false,
            "tags": {},
            "tags_all": {},
            "timeouts": null,
            "vpc_id": "vpc-6b26bd13"
          },
          "sensitive_attributes": [],
          "private": "eyJlMmJmYjczMC1lY2FhLTExZTYtOGY4OC0zNDM2M2JjN2M0YzAiOnsiY3JlYXRlIjo2MDAwMDAwMDAwMDAsImRlbGV0ZSI6OTAwMDAwMDAwMDAwfSwic2NoZW1hX3ZlcnNpb24iOiIxIn0=",
          "dependencies": [
            "data.aws_vpc.default"
          ]
        }
      ]
    },
    {
      "mode": "managed",
      "type": "aws_security_group",
      "name": "consul_nomad_ui_ingress",
      "provider": "provider[\"registry.terraform.io/hashicorp/aws\"]",
      "instances": [
        {
          "schema_version": 1,
          "attributes": {
            "arn": "arn:aws:ec2:us-west-2:349845578360:security-group/sg-041e8e62a947da85a",
            "description": "Managed by Terraform",
            "egress": [
              {
                "cidr_blocks": [
                  "0.0.0.0/0"
                ],
                "description": "",
                "from_port": 0,
                "ipv6_cidr_blocks": [],
                "prefix_list_ids": [],
                "protocol": "-1",
                "security_groups": [],
                "self": false,
                "to_port": 0
              }
            ],
            "id": "sg-041e8e62a947da85a",
            "ingress": [
              {
                "cidr_blocks": [
                  "0.0.0.0/0"
                ],
                "description": "",
                "from_port": 4646,
                "ipv6_cidr_blocks": [],
                "prefix_list_ids": [],
                "protocol": "tcp",
                "security_groups": [],
                "self": false,
                "to_port": 4646
              },
              {
                "cidr_blocks": [
                  "0.0.0.0/0"
                ],
                "description": "",
                "from_port": 8500,
                "ipv6_cidr_blocks": [],
                "prefix_list_ids": [],
                "protocol": "tcp",
                "security_groups": [],
                "self": false,
                "to_port": 8500
              },
              {
                "cidr_blocks": [],
                "description": "",
                "from_port": 0,
                "ipv6_cidr_blocks": [],
                "prefix_list_ids": [],
                "protocol": "-1",
                "security_groups": [],
                "self": true,
                "to_port": 0
              }
            ],
            "name": "nomad-ui-ingress",
            "name_prefix": "",
            "owner_id": "349845578360",
            "revoke_rules_on_delete": false,
            "tags": {},
            "tags_all": {},
            "timeouts": null,
            "vpc_id": "vpc-6b26bd13"
          },
          "sensitive_attributes": [],
          "private": "eyJlMmJmYjczMC1lY2FhLTExZTYtOGY4OC0zNDM2M2JjN2M0YzAiOnsiY3JlYXRlIjo2MDAwMDAwMDAwMDAsImRlbGV0ZSI6OTAwMDAwMDAwMDAwfSwic2NoZW1hX3ZlcnNpb24iOiIxIn0=",
          "dependencies": [
            "data.aws_vpc.default"
          ]
        }
      ]
    },
    {
      "mode": "managed",
      "type": "aws_security_group",
      "name": "efs",
      "provider": "provider[\"registry.terraform.io/hashicorp/aws\"]",
      "instances": [
        {
          "schema_version": 1,
          "attributes": {
            "arn": "arn:aws:ec2:us-west-2:349845578360:security-group/sg-0357fb5ee2ff898e1",
            "description": "Allow NFS inbound traffic",
            "egress": [
              {
                "cidr_blocks": [
                  "0.0.0.0/0"
                ],
                "description": "",
                "from_port": 0,
                "ipv6_cidr_blocks": [],
                "prefix_list_ids": [],
                "protocol": "-1",
                "security_groups": [],
                "self": false,
                "to_port": 0
              }
            ],
            "id": "sg-0357fb5ee2ff898e1",
            "ingress": [
              {
                "cidr_blocks": [
                  "0.0.0.0/0"
                ],
                "description": "TLS from VPC",
                "from_port": 443,
                "ipv6_cidr_blocks": [],
                "prefix_list_ids": [],
                "protocol": "tcp",
                "security_groups": [],
                "self": false,
                "to_port": 443
              }
            ],
            "name": "allow_nfs",
            "name_prefix": "",
            "owner_id": "349845578360",
            "revoke_rules_on_delete": false,
            "tags": {
              "Name": "allow_tls"
            },
            "tags_all": {
              "Name": "allow_tls"
            },
            "timeouts": null,
            "vpc_id": "vpc-6b26bd13"
          },
          "sensitive_attributes": [],
          "private": "eyJlMmJmYjczMC1lY2FhLTExZTYtOGY4OC0zNDM2M2JjN2M0YzAiOnsiY3JlYXRlIjo2MDAwMDAwMDAwMDAsImRlbGV0ZSI6OTAwMDAwMDAwMDAwfSwic2NoZW1hX3ZlcnNpb24iOiIxIn0=",
          "dependencies": [
            "data.aws_vpc.default"
          ]
        }
      ]
    },
    {
      "mode": "managed",
      "type": "aws_security_group",
      "name": "ssh_ingress",
      "provider": "provider[\"registry.terraform.io/hashicorp/aws\"]",
      "instances": [
        {
          "schema_version": 1,
          "attributes": {
            "arn": "arn:aws:ec2:us-west-2:349845578360:security-group/sg-013c97623caf9bae1",
            "description": "Managed by Terraform",
            "egress": [
              {
                "cidr_blocks": [
                  "0.0.0.0/0"
                ],
                "description": "",
                "from_port": 0,
                "ipv6_cidr_blocks": [],
                "prefix_list_ids": [],
                "protocol": "-1",
                "security_groups": [],
                "self": false,
                "to_port": 0
              }
            ],
            "id": "sg-013c97623caf9bae1",
            "ingress": [
              {
                "cidr_blocks": [
                  "0.0.0.0/0"
                ],
                "description": "",
                "from_port": 22,
                "ipv6_cidr_blocks": [],
                "prefix_list_ids": [],
                "protocol": "tcp",
                "security_groups": [],
                "self": false,
                "to_port": 22
              },
              {
                "cidr_blocks": [],
                "description": "",
                "from_port": 0,
                "ipv6_cidr_blocks": [],
                "prefix_list_ids": [],
                "protocol": "-1",
                "security_groups": [],
                "self": true,
                "to_port": 0
              }
            ],
            "name": "nomad-ssh-ingress",
            "name_prefix": "",
            "owner_id": "349845578360",
            "revoke_rules_on_delete": false,
            "tags": {},
            "tags_all": {},
            "timeouts": null,
            "vpc_id": "vpc-6b26bd13"
          },
          "sensitive_attributes": [],
          "private": "eyJlMmJmYjczMC1lY2FhLTExZTYtOGY4OC0zNDM2M2JjN2M0YzAiOnsiY3JlYXRlIjo2MDAwMDAwMDAwMDAsImRlbGV0ZSI6OTAwMDAwMDAwMDAwfSwic2NoZW1hX3ZlcnNpb24iOiIxIn0=",
          "dependencies": [
            "data.aws_vpc.default"
          ]
        }
      ]
    },
    {
      "mode": "managed",
      "type": "local_file",
      "name": "nomad_key",
      "provider": "provider[\"registry.terraform.io/hashicorp/local\"]",
      "instances": [
        {
          "schema_version": 0,
          "attributes": {
            "content": "-----BEGIN RSA PRIVATE KEY-----\nMIIJKgIBAAKCAgEAwe4izgVhuOPRupcCK7kiUWM70j6gaHIHmvLOr3+4/m40+XYQ\nNUuUmjFM8AGUbhcza9ieSZhyhHfyWVVlx29Jsjt3I7FUxwOzyYQgfr95GouWNsRS\nm07DHo/9zd7OcPyw5ap6mHMn/7Z2vdMelVvGEY+sQtSX7ziyZm60PdRAjTKVf+MF\nyXSnB+JbUuK1WjgCyTlYoDBn/TSVIwqmHnq9BWoriSlL4Wxok8rnacaLkU25LIB5\naNi8qYpPTHHUO1H1ixgD7BN/htSzT5GHyS+F6Jm4yM81PO8PINeZiWj+2e1MaybG\ng8VU8lerNRvVZUUynASOJQ/Jbj5vxLUqGpNISUyI2+FvkHfb8BiLLoC6FM4JJ41x\n0C+O7GpOEAzmKl8THH4C8XOIQkSjMRSaVI/dPwiTT3afnvSmnl0tRQio+YixeykD\nO5z1Afwa/YYGwME63SFCPPDOizbAiOVmCpVRQPOr4nSiwbn3tH6yvHvpwNMBXVhU\nKL9nerI2yeN7gCAWhOwqeeXu430IQA2ulUQUn/5MpABlekNipFRVRCqxyd9bF+ci\nAcXUHJjdM6STp51kq5p22iWHzGB2sOUdgYu263Hc2cNkXFxWS7NgwV5CeLu1HKBU\nan/oMIDPtRJPHZ1EvJDWgtQv7atv5n7cuyoQuTfMiGmzLuuKBEfzNzsJn+MCAwEA\nAQKCAgEAnBkiytJqJni6iIakqK0MgpZtwH3IgEnI9WAcHgeg0KvE2EfAJCYCJ1sn\nosiiwTrLmTNztamQBDDIUj/6/N0HZP+YlpJWuxqvzLUdsuhMgqF49/xuwbRUOnWM\nxfliEnBTs4nVxIBs4dftHD6jj3WfqOMMtX6KDXSFpQ3W5y3CB+V/kMEcF1xeVmpN\nOBpj/4q2M2KFg+tyyM1afipELKR/Iayj/nPPMFQimVPpkarPDNaTBs8i6tIKii1a\nRx4YxubhzmQ2RAAt1km/S3zI35fxIZkatAiVwcZrVvQ0EfcBrEjmChncEJT2G1uV\n49nTmwBoDE1eXVanvKVlMeDhUyLaOzz/EHweFQzlQhLPURjU6/82jl5fk9HL6hvR\nvzbZAKeCtx0nmCek13RpZR0gAZPZa95Gy/yFhnt98fc52J4UNuS0dDwu5XLywSvy\nOEI3dTpWjB8kruG6EUps0/C1N2oPtg1k3z158Kq57D+6w8F2u/aVjdP1ggcTjnMR\nZDdsuy8CcnRcSVFhCMvaC0/iW+FrCOCURIAjTCVVbS/VZ6Ty/INBa8Ro+zGIAY3E\nhFejznmqUUU5L2Oa2V2A7cpnu+yaL6LwPeNHslx0luF41jFon0FZfRGc6Iaoc7I0\nnxFvnJFnoleNvtcvoOdueVfm6IxKdzue4eAN982ec5MHvc+IYYECggEBAMdEjCUL\nMtqQ7jHEpu2ZbtOLOT1cnqTu4BkYVNWo9W/bTMZ7DSkT6ktGXmsEdtc8teeDX5XK\nVw+755HmeQRDWcrY4uNBJK224FI6LtmoMHiGHczgzWVyREgnLgqNhurofWs6e5hz\nJas12eKJAe0NMDNSEjJ6cn04pO0h9nBae9sqxwXz+jPy3M3kCWVShu5qG/6yj76q\npCQxZOpiuZ45S9G6ANPX/tH2rQlbO2lnxFzO3gXPniKail1mHkPz+GNedc6jI/ul\nhryno+11ucAGNYFp0Klv9wkLyTDsTiVKAGhMDqLDxt6cgaQ8WQGXMGpNHLpU2CKF\n/Et0rsY56eJpu8cCggEBAPkkkPtypZ3xGRQdPdlKZg4zopVuUiV0CuHOt/2V645g\nbVbx7k+X/NmZ4mScUSmgdZpBWRKsvCA3mKRlY+6/v0zkqgzn5Ttfu3y/yYbx+lcX\nU68lMRXqbtIIyQwHc3DqloMcKZXy+hCRwctCouTrpAxh29WgJZ611dC6pKnxVEQA\nJ9p+kN3N7rTfnfTuIRtR8uYR8MBBamJtLa9ZxklBR1wjxg/ZgP/OlyHXcrK1DyJ+\nTQAkiII3lIJus/ZkIMelbOCk74g0IXbOeWOKoimJ594CAZpd/vo727rYNv0ZY7Ry\nQWJjETDntOdekKRTmALV/xJJMMmzaP/KeiYL1gvNYwUCggEAN5r5QJ0PY85tqZWm\nv0bBlmaTYnwmCQBfqKERi03Kr5wSoJBV69CS4M6SKmrkfsuCN0iBs9ry0IEu7ZfS\nzU2+EMzVA3V6Nr+BeXCjAjnczMUgK7vPlS99vmSwhGFZ9NNLrFB1jOUU7eHpGz4A\nO5YijS+pxExHBop3+3QuwMt/JHmbcB3VBAoRc6LevFd7L6yMg1ZwplQX2cGu13kV\nMwHqFmxBLtxnT0/2mVXMDm3Wbc+MRTLafe2CDu4gI/ZAqfoCBdegguh94McnB2yC\nmQMiiypr/9wuo2eWjQBkDiPIWVJgAyt+o0ApLRtp+velmwRJr/VdGsUo0iWNX+Np\nULUQoQKCAQEAwYx/uWfyc8XWhsLExqa+q++/Mbl3xbLltVCjrTQnv/73UmE2kszv\nWJjswN6TSvRmCEUWDqT0rU6jnatKvDJoSjMmTEpm0f5oJ9zSkawwoDH2CA2rmWv7\nVd4PWfH748/Kx+Y8BEqzq+WgGOkWpSLO2fO4FbiJIUf/6FznCUL7BKzeSSakIjwW\nYpuKGbpZK+E5AzUSxDjNjdNld2EV4tj8t/7uomeFiLUUweyfJWf1bwWRijfXeNn2\n3HFmC1b0BEVmVQqtLzHYgXSb5xHPMtf4sob6edLl/7460GeiKHPt+kP8uZNeypBn\nAIt9cLukTyeyNaF4bmmbe4Pv6titG5QehQKCAQEAmb0uJpdzh0mV4K+Ap+chjxwR\nszAJGr14bM/Rixfq9S+pqYbLgPdQciaCb1WIApUD3Lhg+m2KAF5WdgpTmwHfSd6C\nn64j9Mj00I7TUJen7D/G4KHvxSVLJ9U96JBabI9VzeLE0L3DUiffbQ0mkI05iPb4\nZPleceeTm03V0GDPZRlOXFCbmqdULYq9kl8F/Xj4jooedLko2hU1uUD4QmRrUAg8\nDZfo1a7QCvc9I82yE+lhI37tBq7DgrLki21W4/zQp7q4cw0DVVgvmTXKyb0PqKod\nJnJ532yQY2aklOok5l6/MGGyjVLISK0EN/2zvhwPeFnot1of2ZaHKYkqjPTqEg==\n-----END RSA PRIVATE KEY-----\n",
            "content_base64": null,
            "content_base64sha256": "n9avXg/FMSrvwjCa7fjfkR4wn39xOyY0St+kQwVsvBQ=",
            "content_base64sha512": "GEUdhlp1ZW/iM81QbtwwGCJuzwOXBI90lkmUBTYlvnVKBYn5Q7U2Lddyv8UgrSIs9Yfiwm40NscRf6lAnYPyBA==",
            "content_md5": "3cc2c31e8d8f3b9cc936c22d71de18be",
            "content_sha1": "739eab09e96c6c5986d14b951f3961d175afa3e7",
            "content_sha256": "9fd6af5e0fc5312aefc2309aedf8df911e309f7f713b26344adfa443056cbc14",
            "content_sha512": "18451d865a75656fe233cd506edc3018226ecf0397048f74964994053625be754a0589f943b5362dd772bfc520ad222cf587e2c26e3436c7117fa9409d83f204",
            "directory_permission": "0777",
            "file_permission": "0400",
            "filename": "./nomad-aws-key-pair.pem",
            "id": "739eab09e96c6c5986d14b951f3961d175afa3e7",
            "sensitive_content": null,
            "source": null
          },
          "sensitive_attributes": [
            [
              {
                "type": "get_attr",
                "value": "content"
              }
            ]
          ],
          "dependencies": [
            "tls_private_key.pk"
          ]
        }
      ]
    },
    {
      "mode": "managed",
      "type": "random_uuid",
      "name": "nomad_id",
      "provider": "provider[\"registry.terraform.io/hashicorp/random\"]",
      "instances": [
        {
          "schema_version": 0,
          "attributes": {
            "id": "b33a8ed3-bf3a-d836-87fd-c6c4964f892d",
            "keepers": null,
            "result": "b33a8ed3-bf3a-d836-87fd-c6c4964f892d"
          },
          "sensitive_attributes": []
        }
      ]
    },
    {
      "mode": "managed",
      "type": "random_uuid",
      "name": "nomad_token",
      "provider": "provider[\"registry.terraform.io/hashicorp/random\"]",
      "instances": [
        {
          "schema_version": 0,
          "attributes": {
            "id": "5a6d2990-09d8-8c54-7334-94ee4213a907",
            "keepers": null,
            "result": "5a6d2990-09d8-8c54-7334-94ee4213a907"
          },
          "sensitive_attributes": []
        }
      ]
    },
    {
      "mode": "managed",
      "type": "tls_private_key",
      "name": "pk",
      "provider": "provider[\"registry.terraform.io/hashicorp/tls\"]",
      "instances": [
        {
          "schema_version": 1,
          "attributes": {
            "algorithm": "RSA",
            "ecdsa_curve": "P224",
            "id": "017392f0ed2678970cb8d513d47c4d3848b726b6",
            "private_key_openssh": "-----BEGIN OPENSSH PRIVATE KEY-----\nb3BlbnNzaC1rZXktdjEAAAAABG5vbmUAAAAEbm9uZQAAAAAAAAABAAACFwAAAAdz\nc2gtcnNhAAAAAwEAAQAAAgEAwe4izgVhuOPRupcCK7kiUWM70j6gaHIHmvLOr3+4\n/m40+XYQNUuUmjFM8AGUbhcza9ieSZhyhHfyWVVlx29Jsjt3I7FUxwOzyYQgfr95\nGouWNsRSm07DHo/9zd7OcPyw5ap6mHMn/7Z2vdMelVvGEY+sQtSX7ziyZm60PdRA\njTKVf+MFyXSnB+JbUuK1WjgCyTlYoDBn/TSVIwqmHnq9BWoriSlL4Wxok8rnacaL\nkU25LIB5aNi8qYpPTHHUO1H1ixgD7BN/htSzT5GHyS+F6Jm4yM81PO8PINeZiWj+\n2e1MaybGg8VU8lerNRvVZUUynASOJQ/Jbj5vxLUqGpNISUyI2+FvkHfb8BiLLoC6\nFM4JJ41x0C+O7GpOEAzmKl8THH4C8XOIQkSjMRSaVI/dPwiTT3afnvSmnl0tRQio\n+YixeykDO5z1Afwa/YYGwME63SFCPPDOizbAiOVmCpVRQPOr4nSiwbn3tH6yvHvp\nwNMBXVhUKL9nerI2yeN7gCAWhOwqeeXu430IQA2ulUQUn/5MpABlekNipFRVRCqx\nyd9bF+ciAcXUHJjdM6STp51kq5p22iWHzGB2sOUdgYu263Hc2cNkXFxWS7NgwV5C\neLu1HKBUan/oMIDPtRJPHZ1EvJDWgtQv7atv5n7cuyoQuTfMiGmzLuuKBEfzNzsJ\nn+MAAAc4i2dFZ4tnRWcAAAAHc3NoLXJzYQAAAgEAwe4izgVhuOPRupcCK7kiUWM7\n0j6gaHIHmvLOr3+4/m40+XYQNUuUmjFM8AGUbhcza9ieSZhyhHfyWVVlx29Jsjt3\nI7FUxwOzyYQgfr95GouWNsRSm07DHo/9zd7OcPyw5ap6mHMn/7Z2vdMelVvGEY+s\nQtSX7ziyZm60PdRAjTKVf+MFyXSnB+JbUuK1WjgCyTlYoDBn/TSVIwqmHnq9BWor\niSlL4Wxok8rnacaLkU25LIB5aNi8qYpPTHHUO1H1ixgD7BN/htSzT5GHyS+F6Jm4\nyM81PO8PINeZiWj+2e1MaybGg8VU8lerNRvVZUUynASOJQ/Jbj5vxLUqGpNISUyI\n2+FvkHfb8BiLLoC6FM4JJ41x0C+O7GpOEAzmKl8THH4C8XOIQkSjMRSaVI/dPwiT\nT3afnvSmnl0tRQio+YixeykDO5z1Afwa/YYGwME63SFCPPDOizbAiOVmCpVRQPOr\n4nSiwbn3tH6yvHvpwNMBXVhUKL9nerI2yeN7gCAWhOwqeeXu430IQA2ulUQUn/5M\npABlekNipFRVRCqxyd9bF+ciAcXUHJjdM6STp51kq5p22iWHzGB2sOUdgYu263Hc\n2cNkXFxWS7NgwV5CeLu1HKBUan/oMIDPtRJPHZ1EvJDWgtQv7atv5n7cuyoQuTfM\niGmzLuuKBEfzNzsJn+MAAAADAQABAAACAQCcGSLK0momeLqIhqSorQyClm3AfciA\nScj1YBweB6DQq8TYR8AkJgInWyeiyKLBOsuZM3O1qZAEMMhSP/r83Qdk/5iWkla7\nGq/MtR2y6EyCoXj3/G7BtFQ6dYzF+WIScFOzidXEgGzh1+0cPqOPdZ+o4wy1fooN\ndIWlDdbnLcIH5X+QwRwXXF5Wak04GmP/irYzYoWD63LIzVp+KkQspH8hrKP+c88w\nVCKZU+mRqs8M1pMGzyLq0gqKLVpHHhjG5uHOZDZEAC3WSb9LfMjfl/EhmRq0CJXB\nxmtW9DQR9wGsSOYKGdwQlPYbW5Xj2dObAGgMTV5dVqe8pWUx4OFTIto7PP8QfB4V\nDOVCEs9RGNTr/zaOXl+T0cvqG9G/NtkAp4K3HSeYJ6TXdGllHSABk9lr3kbL/IWG\ne33x9znYnhQ25LR0PC7lcvLBK/I4Qjd1OlaMHySu4boRSmzT8LU3ag+2DWTfPXnw\nqrnsP7rDwXa79pWN0/WCBxOOcxFkN2y7LwJydFxJUWEIy9oLT+Jb4WsI4JREgCNM\nJVVtL9VnpPL8g0FrxGj7MYgBjcSEV6POeapRRTkvY5rZXYDtyme77JovovA940ey\nXHSW4XjWMWifQVl9EZzohqhzsjSfEW+ckWeiV42+1y+g5255V+bojEp3O57h4A33\nzZ5zkwe9z4hhgQAAAQEAmb0uJpdzh0mV4K+Ap+chjxwRszAJGr14bM/Rixfq9S+p\nqYbLgPdQciaCb1WIApUD3Lhg+m2KAF5WdgpTmwHfSd6Cn64j9Mj00I7TUJen7D/G\n4KHvxSVLJ9U96JBabI9VzeLE0L3DUiffbQ0mkI05iPb4ZPleceeTm03V0GDPZRlO\nXFCbmqdULYq9kl8F/Xj4jooedLko2hU1uUD4QmRrUAg8DZfo1a7QCvc9I82yE+lh\nI37tBq7DgrLki21W4/zQp7q4cw0DVVgvmTXKyb0PqKodJnJ532yQY2aklOok5l6/\nMGGyjVLISK0EN/2zvhwPeFnot1of2ZaHKYkqjPTqEgAAAQEAx0SMJQsy2pDuMcSm\n7Zlu04s5PVyepO7gGRhU1aj1b9tMxnsNKRPqS0ZeawR21zy154NflcpXD7vnkeZ5\nBENZytji40EkrbbgUjou2agweIYdzODNZXJESCcuCo2G6uh9azp7mHMlqzXZ4okB\n7Q0wM1ISMnpyfTik7SH2cFp72yrHBfP6M/LczeQJZVKG7mob/rKPvqqkJDFk6mK5\nnjlL0boA09f+0fatCVs7aWfEXM7eBc+eIpqKXWYeQ/P4Y151zqMj+6WGvKej7XW5\nwAY1gWnQqW/3CQvJMOxOJUoAaEwOosPG3pyBpDxZAZcwak0culTYIoX8S3Suxjnp\n4mm7xwAAAQEA+SSQ+3KlnfEZFB092UpmDjOilW5SJXQK4c63/ZXrjmBtVvHuT5f8\n2ZniZJxRKaB1mkFZEqy8IDeYpGVj7r+/TOSqDOflO1+7fL/JhvH6VxdTryUxFepu\n0gjJDAdzcOqWgxwplfL6EJHBy0Ki5OukDGHb1aAlnrXV0LqkqfFURAAn2n6Q3c3u\ntN+d9O4hG1Hy5hHwwEFqYm0tr1nGSUFHXCPGD9mA/86XIddysrUPIn5NACSIgjeU\ngm6z9mQgx6Vs4KTviDQhds55Y4qiKYnn3gIBml3++jvbutg2/RljtHJBYmMRMOe0\n516QpFOYAtX/EkkwybNo/8p6JgvWC81jBQAAAAAB\n-----END OPENSSH PRIVATE KEY-----\n",
            "private_key_pem": "-----BEGIN RSA PRIVATE KEY-----\nMIIJKgIBAAKCAgEAwe4izgVhuOPRupcCK7kiUWM70j6gaHIHmvLOr3+4/m40+XYQ\nNUuUmjFM8AGUbhcza9ieSZhyhHfyWVVlx29Jsjt3I7FUxwOzyYQgfr95GouWNsRS\nm07DHo/9zd7OcPyw5ap6mHMn/7Z2vdMelVvGEY+sQtSX7ziyZm60PdRAjTKVf+MF\nyXSnB+JbUuK1WjgCyTlYoDBn/TSVIwqmHnq9BWoriSlL4Wxok8rnacaLkU25LIB5\naNi8qYpPTHHUO1H1ixgD7BN/htSzT5GHyS+F6Jm4yM81PO8PINeZiWj+2e1MaybG\ng8VU8lerNRvVZUUynASOJQ/Jbj5vxLUqGpNISUyI2+FvkHfb8BiLLoC6FM4JJ41x\n0C+O7GpOEAzmKl8THH4C8XOIQkSjMRSaVI/dPwiTT3afnvSmnl0tRQio+YixeykD\nO5z1Afwa/YYGwME63SFCPPDOizbAiOVmCpVRQPOr4nSiwbn3tH6yvHvpwNMBXVhU\nKL9nerI2yeN7gCAWhOwqeeXu430IQA2ulUQUn/5MpABlekNipFRVRCqxyd9bF+ci\nAcXUHJjdM6STp51kq5p22iWHzGB2sOUdgYu263Hc2cNkXFxWS7NgwV5CeLu1HKBU\nan/oMIDPtRJPHZ1EvJDWgtQv7atv5n7cuyoQuTfMiGmzLuuKBEfzNzsJn+MCAwEA\nAQKCAgEAnBkiytJqJni6iIakqK0MgpZtwH3IgEnI9WAcHgeg0KvE2EfAJCYCJ1sn\nosiiwTrLmTNztamQBDDIUj/6/N0HZP+YlpJWuxqvzLUdsuhMgqF49/xuwbRUOnWM\nxfliEnBTs4nVxIBs4dftHD6jj3WfqOMMtX6KDXSFpQ3W5y3CB+V/kMEcF1xeVmpN\nOBpj/4q2M2KFg+tyyM1afipELKR/Iayj/nPPMFQimVPpkarPDNaTBs8i6tIKii1a\nRx4YxubhzmQ2RAAt1km/S3zI35fxIZkatAiVwcZrVvQ0EfcBrEjmChncEJT2G1uV\n49nTmwBoDE1eXVanvKVlMeDhUyLaOzz/EHweFQzlQhLPURjU6/82jl5fk9HL6hvR\nvzbZAKeCtx0nmCek13RpZR0gAZPZa95Gy/yFhnt98fc52J4UNuS0dDwu5XLywSvy\nOEI3dTpWjB8kruG6EUps0/C1N2oPtg1k3z158Kq57D+6w8F2u/aVjdP1ggcTjnMR\nZDdsuy8CcnRcSVFhCMvaC0/iW+FrCOCURIAjTCVVbS/VZ6Ty/INBa8Ro+zGIAY3E\nhFejznmqUUU5L2Oa2V2A7cpnu+yaL6LwPeNHslx0luF41jFon0FZfRGc6Iaoc7I0\nnxFvnJFnoleNvtcvoOdueVfm6IxKdzue4eAN982ec5MHvc+IYYECggEBAMdEjCUL\nMtqQ7jHEpu2ZbtOLOT1cnqTu4BkYVNWo9W/bTMZ7DSkT6ktGXmsEdtc8teeDX5XK\nVw+755HmeQRDWcrY4uNBJK224FI6LtmoMHiGHczgzWVyREgnLgqNhurofWs6e5hz\nJas12eKJAe0NMDNSEjJ6cn04pO0h9nBae9sqxwXz+jPy3M3kCWVShu5qG/6yj76q\npCQxZOpiuZ45S9G6ANPX/tH2rQlbO2lnxFzO3gXPniKail1mHkPz+GNedc6jI/ul\nhryno+11ucAGNYFp0Klv9wkLyTDsTiVKAGhMDqLDxt6cgaQ8WQGXMGpNHLpU2CKF\n/Et0rsY56eJpu8cCggEBAPkkkPtypZ3xGRQdPdlKZg4zopVuUiV0CuHOt/2V645g\nbVbx7k+X/NmZ4mScUSmgdZpBWRKsvCA3mKRlY+6/v0zkqgzn5Ttfu3y/yYbx+lcX\nU68lMRXqbtIIyQwHc3DqloMcKZXy+hCRwctCouTrpAxh29WgJZ611dC6pKnxVEQA\nJ9p+kN3N7rTfnfTuIRtR8uYR8MBBamJtLa9ZxklBR1wjxg/ZgP/OlyHXcrK1DyJ+\nTQAkiII3lIJus/ZkIMelbOCk74g0IXbOeWOKoimJ594CAZpd/vo727rYNv0ZY7Ry\nQWJjETDntOdekKRTmALV/xJJMMmzaP/KeiYL1gvNYwUCggEAN5r5QJ0PY85tqZWm\nv0bBlmaTYnwmCQBfqKERi03Kr5wSoJBV69CS4M6SKmrkfsuCN0iBs9ry0IEu7ZfS\nzU2+EMzVA3V6Nr+BeXCjAjnczMUgK7vPlS99vmSwhGFZ9NNLrFB1jOUU7eHpGz4A\nO5YijS+pxExHBop3+3QuwMt/JHmbcB3VBAoRc6LevFd7L6yMg1ZwplQX2cGu13kV\nMwHqFmxBLtxnT0/2mVXMDm3Wbc+MRTLafe2CDu4gI/ZAqfoCBdegguh94McnB2yC\nmQMiiypr/9wuo2eWjQBkDiPIWVJgAyt+o0ApLRtp+velmwRJr/VdGsUo0iWNX+Np\nULUQoQKCAQEAwYx/uWfyc8XWhsLExqa+q++/Mbl3xbLltVCjrTQnv/73UmE2kszv\nWJjswN6TSvRmCEUWDqT0rU6jnatKvDJoSjMmTEpm0f5oJ9zSkawwoDH2CA2rmWv7\nVd4PWfH748/Kx+Y8BEqzq+WgGOkWpSLO2fO4FbiJIUf/6FznCUL7BKzeSSakIjwW\nYpuKGbpZK+E5AzUSxDjNjdNld2EV4tj8t/7uomeFiLUUweyfJWf1bwWRijfXeNn2\n3HFmC1b0BEVmVQqtLzHYgXSb5xHPMtf4sob6edLl/7460GeiKHPt+kP8uZNeypBn\nAIt9cLukTyeyNaF4bmmbe4Pv6titG5QehQKCAQEAmb0uJpdzh0mV4K+Ap+chjxwR\nszAJGr14bM/Rixfq9S+pqYbLgPdQciaCb1WIApUD3Lhg+m2KAF5WdgpTmwHfSd6C\nn64j9Mj00I7TUJen7D/G4KHvxSVLJ9U96JBabI9VzeLE0L3DUiffbQ0mkI05iPb4\nZPleceeTm03V0GDPZRlOXFCbmqdULYq9kl8F/Xj4jooedLko2hU1uUD4QmRrUAg8\nDZfo1a7QCvc9I82yE+lhI37tBq7DgrLki21W4/zQp7q4cw0DVVgvmTXKyb0PqKod\nJnJ532yQY2aklOok5l6/MGGyjVLISK0EN/2zvhwPeFnot1of2ZaHKYkqjPTqEg==\n-----END RSA PRIVATE KEY-----\n",
            "private_key_pem_pkcs8": "-----BEGIN PRIVATE KEY-----\nMIIJRAIBADANBgkqhkiG9w0BAQEFAASCCS4wggkqAgEAAoICAQDB7iLOBWG449G6\nlwIruSJRYzvSPqBocgea8s6vf7j+bjT5dhA1S5SaMUzwAZRuFzNr2J5JmHKEd/JZ\nVWXHb0myO3cjsVTHA7PJhCB+v3kai5Y2xFKbTsMej/3N3s5w/LDlqnqYcyf/tna9\n0x6VW8YRj6xC1JfvOLJmbrQ91ECNMpV/4wXJdKcH4ltS4rVaOALJOVigMGf9NJUj\nCqYeer0FaiuJKUvhbGiTyudpxouRTbksgHlo2Lypik9McdQ7UfWLGAPsE3+G1LNP\nkYfJL4XombjIzzU87w8g15mJaP7Z7UxrJsaDxVTyV6s1G9VlRTKcBI4lD8luPm/E\ntSoak0hJTIjb4W+Qd9vwGIsugLoUzgknjXHQL47sak4QDOYqXxMcfgLxc4hCRKMx\nFJpUj90/CJNPdp+e9KaeXS1FCKj5iLF7KQM7nPUB/Br9hgbAwTrdIUI88M6LNsCI\n5WYKlVFA86vidKLBufe0frK8e+nA0wFdWFQov2d6sjbJ43uAIBaE7Cp55e7jfQhA\nDa6VRBSf/kykAGV6Q2KkVFVEKrHJ31sX5yIBxdQcmN0zpJOnnWSrmnbaJYfMYHaw\n5R2Bi7brcdzZw2RcXFZLs2DBXkJ4u7UcoFRqf+gwgM+1Ek8dnUS8kNaC1C/tq2/m\nfty7KhC5N8yIabMu64oER/M3Owmf4wIDAQABAoICAQCcGSLK0momeLqIhqSorQyC\nlm3AfciAScj1YBweB6DQq8TYR8AkJgInWyeiyKLBOsuZM3O1qZAEMMhSP/r83Qdk\n/5iWkla7Gq/MtR2y6EyCoXj3/G7BtFQ6dYzF+WIScFOzidXEgGzh1+0cPqOPdZ+o\n4wy1fooNdIWlDdbnLcIH5X+QwRwXXF5Wak04GmP/irYzYoWD63LIzVp+KkQspH8h\nrKP+c88wVCKZU+mRqs8M1pMGzyLq0gqKLVpHHhjG5uHOZDZEAC3WSb9LfMjfl/Eh\nmRq0CJXBxmtW9DQR9wGsSOYKGdwQlPYbW5Xj2dObAGgMTV5dVqe8pWUx4OFTIto7\nPP8QfB4VDOVCEs9RGNTr/zaOXl+T0cvqG9G/NtkAp4K3HSeYJ6TXdGllHSABk9lr\n3kbL/IWGe33x9znYnhQ25LR0PC7lcvLBK/I4Qjd1OlaMHySu4boRSmzT8LU3ag+2\nDWTfPXnwqrnsP7rDwXa79pWN0/WCBxOOcxFkN2y7LwJydFxJUWEIy9oLT+Jb4WsI\n4JREgCNMJVVtL9VnpPL8g0FrxGj7MYgBjcSEV6POeapRRTkvY5rZXYDtyme77Jov\novA940eyXHSW4XjWMWifQVl9EZzohqhzsjSfEW+ckWeiV42+1y+g5255V+bojEp3\nO57h4A33zZ5zkwe9z4hhgQKCAQEAx0SMJQsy2pDuMcSm7Zlu04s5PVyepO7gGRhU\n1aj1b9tMxnsNKRPqS0ZeawR21zy154NflcpXD7vnkeZ5BENZytji40EkrbbgUjou\n2agweIYdzODNZXJESCcuCo2G6uh9azp7mHMlqzXZ4okB7Q0wM1ISMnpyfTik7SH2\ncFp72yrHBfP6M/LczeQJZVKG7mob/rKPvqqkJDFk6mK5njlL0boA09f+0fatCVs7\naWfEXM7eBc+eIpqKXWYeQ/P4Y151zqMj+6WGvKej7XW5wAY1gWnQqW/3CQvJMOxO\nJUoAaEwOosPG3pyBpDxZAZcwak0culTYIoX8S3Suxjnp4mm7xwKCAQEA+SSQ+3Kl\nnfEZFB092UpmDjOilW5SJXQK4c63/ZXrjmBtVvHuT5f82ZniZJxRKaB1mkFZEqy8\nIDeYpGVj7r+/TOSqDOflO1+7fL/JhvH6VxdTryUxFepu0gjJDAdzcOqWgxwplfL6\nEJHBy0Ki5OukDGHb1aAlnrXV0LqkqfFURAAn2n6Q3c3utN+d9O4hG1Hy5hHwwEFq\nYm0tr1nGSUFHXCPGD9mA/86XIddysrUPIn5NACSIgjeUgm6z9mQgx6Vs4KTviDQh\nds55Y4qiKYnn3gIBml3++jvbutg2/RljtHJBYmMRMOe0516QpFOYAtX/EkkwybNo\n/8p6JgvWC81jBQKCAQA3mvlAnQ9jzm2plaa/RsGWZpNifCYJAF+ooRGLTcqvnBKg\nkFXr0JLgzpIqauR+y4I3SIGz2vLQgS7tl9LNTb4QzNUDdXo2v4F5cKMCOdzMxSAr\nu8+VL32+ZLCEYVn000usUHWM5RTt4ekbPgA7liKNL6nETEcGinf7dC7Ay38keZtw\nHdUEChFzot68V3svrIyDVnCmVBfZwa7XeRUzAeoWbEEu3GdPT/aZVcwObdZtz4xF\nMtp97YIO7iAj9kCp+gIF16CC6H3gxycHbIKZAyKLKmv/3C6jZ5aNAGQOI8hZUmAD\nK36jQCktG2n696WbBEmv9V0axSjSJY1f42lQtRChAoIBAQDBjH+5Z/JzxdaGwsTG\npr6r778xuXfFsuW1UKOtNCe//vdSYTaSzO9YmOzA3pNK9GYIRRYOpPStTqOdq0q8\nMmhKMyZMSmbR/mgn3NKRrDCgMfYIDauZa/tV3g9Z8fvjz8rH5jwESrOr5aAY6Ral\nIs7Z87gVuIkhR//oXOcJQvsErN5JJqQiPBZim4oZulkr4TkDNRLEOM2N02V3YRXi\n2Py3/u6iZ4WItRTB7J8lZ/VvBZGKN9d42fbccWYLVvQERWZVCq0vMdiBdJvnEc8y\n1/iyhvp50uX/vjrQZ6Ioc+36Q/y5k17KkGcAi31wu6RPJ7I1oXhuaZt7g+/q2K0b\nlB6FAoIBAQCZvS4ml3OHSZXgr4Cn5yGPHBGzMAkavXhsz9GLF+r1L6mphsuA91By\nJoJvVYgClQPcuGD6bYoAXlZ2ClObAd9J3oKfriP0yPTQjtNQl6fsP8bgoe/FJUsn\n1T3okFpsj1XN4sTQvcNSJ99tDSaQjTmI9vhk+V5x55ObTdXQYM9lGU5cUJuap1Qt\nir2SXwX9ePiOih50uSjaFTW5QPhCZGtQCDwNl+jVrtAK9z0jzbIT6WEjfu0GrsOC\nsuSLbVbj/NCnurhzDQNVWC+ZNcrJvQ+oqh0mcnnfbJBjZqSU6iTmXr8wYbKNUshI\nrQQ3/bO+HA94Wei3Wh/ZlocpiSqM9OoS\n-----END PRIVATE KEY-----\n",
            "public_key_fingerprint_md5": "62:0c:96:a2:c4:c6:fa:f3:04:e6:e7:38:2c:c7:59:30",
            "public_key_fingerprint_sha256": "SHA256:fitmuhKoraGt77CDqtP2o1wuFERXeiPOttE0JTBnbFM",
            "public_key_openssh": "ssh-rsa AAAAB3NzaC1yc2EAAAADAQABAAACAQDB7iLOBWG449G6lwIruSJRYzvSPqBocgea8s6vf7j+bjT5dhA1S5SaMUzwAZRuFzNr2J5JmHKEd/JZVWXHb0myO3cjsVTHA7PJhCB+v3kai5Y2xFKbTsMej/3N3s5w/LDlqnqYcyf/tna90x6VW8YRj6xC1JfvOLJmbrQ91ECNMpV/4wXJdKcH4ltS4rVaOALJOVigMGf9NJUjCqYeer0FaiuJKUvhbGiTyudpxouRTbksgHlo2Lypik9McdQ7UfWLGAPsE3+G1LNPkYfJL4XombjIzzU87w8g15mJaP7Z7UxrJsaDxVTyV6s1G9VlRTKcBI4lD8luPm/EtSoak0hJTIjb4W+Qd9vwGIsugLoUzgknjXHQL47sak4QDOYqXxMcfgLxc4hCRKMxFJpUj90/CJNPdp+e9KaeXS1FCKj5iLF7KQM7nPUB/Br9hgbAwTrdIUI88M6LNsCI5WYKlVFA86vidKLBufe0frK8e+nA0wFdWFQov2d6sjbJ43uAIBaE7Cp55e7jfQhADa6VRBSf/kykAGV6Q2KkVFVEKrHJ31sX5yIBxdQcmN0zpJOnnWSrmnbaJYfMYHaw5R2Bi7brcdzZw2RcXFZLs2DBXkJ4u7UcoFRqf+gwgM+1Ek8dnUS8kNaC1C/tq2/mfty7KhC5N8yIabMu64oER/M3Owmf4w==\n",
            "public_key_pem": "-----BEGIN PUBLIC KEY-----\nMIICIjANBgkqhkiG9w0BAQEFAAOCAg8AMIICCgKCAgEAwe4izgVhuOPRupcCK7ki\nUWM70j6gaHIHmvLOr3+4/m40+XYQNUuUmjFM8AGUbhcza9ieSZhyhHfyWVVlx29J\nsjt3I7FUxwOzyYQgfr95GouWNsRSm07DHo/9zd7OcPyw5ap6mHMn/7Z2vdMelVvG\nEY+sQtSX7ziyZm60PdRAjTKVf+MFyXSnB+JbUuK1WjgCyTlYoDBn/TSVIwqmHnq9\nBWoriSlL4Wxok8rnacaLkU25LIB5aNi8qYpPTHHUO1H1ixgD7BN/htSzT5GHyS+F\n6Jm4yM81PO8PINeZiWj+2e1MaybGg8VU8lerNRvVZUUynASOJQ/Jbj5vxLUqGpNI\nSUyI2+FvkHfb8BiLLoC6FM4JJ41x0C+O7GpOEAzmKl8THH4C8XOIQkSjMRSaVI/d\nPwiTT3afnvSmnl0tRQio+YixeykDO5z1Afwa/YYGwME63SFCPPDOizbAiOVmCpVR\nQPOr4nSiwbn3tH6yvHvpwNMBXVhUKL9nerI2yeN7gCAWhOwqeeXu430IQA2ulUQU\nn/5MpABlekNipFRVRCqxyd9bF+ciAcXUHJjdM6STp51kq5p22iWHzGB2sOUdgYu2\n63Hc2cNkXFxWS7NgwV5CeLu1HKBUan/oMIDPtRJPHZ1EvJDWgtQv7atv5n7cuyoQ\nuTfMiGmzLuuKBEfzNzsJn+MCAwEAAQ==\n-----END PUBLIC KEY-----\n",
            "rsa_bits": 4096
          },
          "sensitive_attributes": []
        }
      ]
    }
  ],
  "check_results": null
}
